// !$*UTF8*$!
{
	archiveVersion = 1;
	classes = {
	};
	objectVersion = 51;
	objects = {

/* Begin PBXBuildFile section */
		51C59137DD37D65742093D48 /* Pods_VkMessenger.framework in Frameworks */ = {isa = PBXBuildFile; fileRef = 8688368D2F5FEC2F998688D9 /* Pods_VkMessenger.framework */; };
		862AC14C26064C06000CF9FF /* LaunchScreen.storyboard in Resources */ = {isa = PBXBuildFile; fileRef = 866743E726027C0100D6B4A6 /* LaunchScreen.storyboard */; };
		862AC17526067C34000CF9FF /* News.swift in Sources */ = {isa = PBXBuildFile; fileRef = 862AC17426067C34000CF9FF /* News.swift */; };
		8667440326027C0100D6B4A6 /* FriendsViewController.swift in Sources */ = {isa = PBXBuildFile; fileRef = 866743C626027C0100D6B4A6 /* FriendsViewController.swift */; };
		8667440426027C0100D6B4A6 /* PhotoCollectionViewController.swift in Sources */ = {isa = PBXBuildFile; fileRef = 866743C726027C0100D6B4A6 /* PhotoCollectionViewController.swift */; };
		8667440526027C0100D6B4A6 /* NewsTableViewController.swift in Sources */ = {isa = PBXBuildFile; fileRef = 866743C826027C0100D6B4A6 /* NewsTableViewController.swift */; };
		8667440626027C0100D6B4A6 /* NewsTableViewCell.xib in Resources */ = {isa = PBXBuildFile; fileRef = 866743CB26027C0100D6B4A6 /* NewsTableViewCell.xib */; };
		8667440726027C0100D6B4A6 /* NewsTableViewCell.swift in Sources */ = {isa = PBXBuildFile; fileRef = 866743CC26027C0100D6B4A6 /* NewsTableViewCell.swift */; };
		8667440826027C0100D6B4A6 /* PhotoCollectionViewCell.swift in Sources */ = {isa = PBXBuildFile; fileRef = 866743CE26027C0100D6B4A6 /* PhotoCollectionViewCell.swift */; };
		8667440A26027C0100D6B4A6 /* FriendTableViewCell.swift in Sources */ = {isa = PBXBuildFile; fileRef = 866743D126027C0100D6B4A6 /* FriendTableViewCell.swift */; };
		8667440B26027C0100D6B4A6 /* GroupTableViewCell.swift in Sources */ = {isa = PBXBuildFile; fileRef = 866743D226027C0100D6B4A6 /* GroupTableViewCell.swift */; };
		8667440D26027C0100D6B4A6 /* FriendsHeader.swift in Sources */ = {isa = PBXBuildFile; fileRef = 866743D526027C0100D6B4A6 /* FriendsHeader.swift */; };
		8667440E26027C0100D6B4A6 /* GroupHeader.swift in Sources */ = {isa = PBXBuildFile; fileRef = 866743D626027C0100D6B4A6 /* GroupHeader.swift */; };
		8667441026027C0100D6B4A6 /* GroupTableViewController.swift in Sources */ = {isa = PBXBuildFile; fileRef = 866743D826027C0100D6B4A6 /* GroupTableViewController.swift */; };
		8667441126027C0100D6B4A6 /* TabBarViewController.swift in Sources */ = {isa = PBXBuildFile; fileRef = 866743DA26027C0100D6B4A6 /* TabBarViewController.swift */; };
		8667441226027C0100D6B4A6 /* VKLoginViewController.swift in Sources */ = {isa = PBXBuildFile; fileRef = 866743DD26027C0100D6B4A6 /* VKLoginViewController.swift */; };
		8667441526027C0100D6B4A6 /* ProfileViewController.swift in Sources */ = {isa = PBXBuildFile; fileRef = 866743E026027C0100D6B4A6 /* ProfileViewController.swift */; };
		8667441626027C0100D6B4A6 /* PhotoViewController.swift in Sources */ = {isa = PBXBuildFile; fileRef = 866743E126027C0100D6B4A6 /* PhotoViewController.swift */; };
		8667441726027C0100D6B4A6 /* AppDelegate.swift in Sources */ = {isa = PBXBuildFile; fileRef = 866743E226027C0100D6B4A6 /* AppDelegate.swift */; };
		8667441926027C0100D6B4A6 /* Assets.xcassets in Resources */ = {isa = PBXBuildFile; fileRef = 866743E426027C0100D6B4A6 /* Assets.xcassets */; };
		8667441B26027C0100D6B4A6 /* MyInteractiveTransition.swift in Sources */ = {isa = PBXBuildFile; fileRef = 866743E926027C0100D6B4A6 /* MyInteractiveTransition.swift */; };
		8667441C26027C0100D6B4A6 /* Session.swift in Sources */ = {isa = PBXBuildFile; fileRef = 866743EB26027C0100D6B4A6 /* Session.swift */; };
		8667441D26027C0100D6B4A6 /* NetworkManager.swift in Sources */ = {isa = PBXBuildFile; fileRef = 866743EC26027C0100D6B4A6 /* NetworkManager.swift */; };
		8667441E26027C0100D6B4A6 /* ProgressItem.swift in Sources */ = {isa = PBXBuildFile; fileRef = 866743EE26027C0100D6B4A6 /* ProgressItem.swift */; };
		8667441F26027C0100D6B4A6 /* LikeView.swift in Sources */ = {isa = PBXBuildFile; fileRef = 866743EF26027C0100D6B4A6 /* LikeView.swift */; };
		8667442026027C0100D6B4A6 /* CustomImageView.swift in Sources */ = {isa = PBXBuildFile; fileRef = 866743F026027C0100D6B4A6 /* CustomImageView.swift */; };
		8667442126027C0100D6B4A6 /* CustomPushAnimator.swift in Sources */ = {isa = PBXBuildFile; fileRef = 866743F226027C0100D6B4A6 /* CustomPushAnimator.swift */; };
		8667442226027C0100D6B4A6 /* CustomNavigationViewController.swift in Sources */ = {isa = PBXBuildFile; fileRef = 866743F326027C0100D6B4A6 /* CustomNavigationViewController.swift */; };
		8667442326027C0100D6B4A6 /* CustomPopAnimator.swift in Sources */ = {isa = PBXBuildFile; fileRef = 866743F426027C0100D6B4A6 /* CustomPopAnimator.swift */; };
		8667442426027C0100D6B4A6 /* RealmManager.swift in Sources */ = {isa = PBXBuildFile; fileRef = 866743F626027C0100D6B4A6 /* RealmManager.swift */; };
		8667442526027C0100D6B4A6 /* Main.storyboard in Resources */ = {isa = PBXBuildFile; fileRef = 866743F926027C0100D6B4A6 /* Main.storyboard */; };
		8667442726027C0100D6B4A6 /* Photo.swift in Sources */ = {isa = PBXBuildFile; fileRef = 866743FE26027C0100D6B4A6 /* Photo.swift */; };
		8667442826027C0100D6B4A6 /* Groups.swift in Sources */ = {isa = PBXBuildFile; fileRef = 866743FF26027C0100D6B4A6 /* Groups.swift */; };
		8667442A26027C0100D6B4A6 /* User.swift in Sources */ = {isa = PBXBuildFile; fileRef = 8667440126027C0100D6B4A6 /* User.swift */; };
		8667442B26027C0100D6B4A6 /* SceneDelegate.swift in Sources */ = {isa = PBXBuildFile; fileRef = 8667440226027C0100D6B4A6 /* SceneDelegate.swift */; };
/* End PBXBuildFile section */

/* Begin PBXFileReference section */
		2093E6AB30EDB9CBD8A31D56 /* Pods-VkMessenger.debug.xcconfig */ = {isa = PBXFileReference; includeInIndex = 1; lastKnownFileType = text.xcconfig; name = "Pods-VkMessenger.debug.xcconfig"; path = "Target Support Files/Pods-VkMessenger/Pods-VkMessenger.debug.xcconfig"; sourceTree = "<group>"; };
		862AC17426067C34000CF9FF /* News.swift */ = {isa = PBXFileReference; lastKnownFileType = sourcecode.swift; path = News.swift; sourceTree = "<group>"; };
		866743C626027C0100D6B4A6 /* FriendsViewController.swift */ = {isa = PBXFileReference; fileEncoding = 4; lastKnownFileType = sourcecode.swift; path = FriendsViewController.swift; sourceTree = "<group>"; };
		866743C726027C0100D6B4A6 /* PhotoCollectionViewController.swift */ = {isa = PBXFileReference; fileEncoding = 4; lastKnownFileType = sourcecode.swift; path = PhotoCollectionViewController.swift; sourceTree = "<group>"; };
		866743C826027C0100D6B4A6 /* NewsTableViewController.swift */ = {isa = PBXFileReference; fileEncoding = 4; lastKnownFileType = sourcecode.swift; path = NewsTableViewController.swift; sourceTree = "<group>"; };
		866743CB26027C0100D6B4A6 /* NewsTableViewCell.xib */ = {isa = PBXFileReference; fileEncoding = 4; lastKnownFileType = file.xib; path = NewsTableViewCell.xib; sourceTree = "<group>"; };
		866743CC26027C0100D6B4A6 /* NewsTableViewCell.swift */ = {isa = PBXFileReference; fileEncoding = 4; lastKnownFileType = sourcecode.swift; path = NewsTableViewCell.swift; sourceTree = "<group>"; };
		866743CE26027C0100D6B4A6 /* PhotoCollectionViewCell.swift */ = {isa = PBXFileReference; fileEncoding = 4; lastKnownFileType = sourcecode.swift; path = PhotoCollectionViewCell.swift; sourceTree = "<group>"; };
		866743D126027C0100D6B4A6 /* FriendTableViewCell.swift */ = {isa = PBXFileReference; fileEncoding = 4; lastKnownFileType = sourcecode.swift; path = FriendTableViewCell.swift; sourceTree = "<group>"; };
		866743D226027C0100D6B4A6 /* GroupTableViewCell.swift */ = {isa = PBXFileReference; fileEncoding = 4; lastKnownFileType = sourcecode.swift; path = GroupTableViewCell.swift; sourceTree = "<group>"; };
		866743D526027C0100D6B4A6 /* FriendsHeader.swift */ = {isa = PBXFileReference; fileEncoding = 4; lastKnownFileType = sourcecode.swift; path = FriendsHeader.swift; sourceTree = "<group>"; };
		866743D626027C0100D6B4A6 /* GroupHeader.swift */ = {isa = PBXFileReference; fileEncoding = 4; lastKnownFileType = sourcecode.swift; path = GroupHeader.swift; sourceTree = "<group>"; };
		866743D826027C0100D6B4A6 /* GroupTableViewController.swift */ = {isa = PBXFileReference; fileEncoding = 4; lastKnownFileType = sourcecode.swift; path = GroupTableViewController.swift; sourceTree = "<group>"; };
		866743DA26027C0100D6B4A6 /* TabBarViewController.swift */ = {isa = PBXFileReference; fileEncoding = 4; lastKnownFileType = sourcecode.swift; path = TabBarViewController.swift; sourceTree = "<group>"; };
		866743DD26027C0100D6B4A6 /* VKLoginViewController.swift */ = {isa = PBXFileReference; fileEncoding = 4; lastKnownFileType = sourcecode.swift; path = VKLoginViewController.swift; sourceTree = "<group>"; };
		866743E026027C0100D6B4A6 /* ProfileViewController.swift */ = {isa = PBXFileReference; fileEncoding = 4; lastKnownFileType = sourcecode.swift; path = ProfileViewController.swift; sourceTree = "<group>"; };
		866743E126027C0100D6B4A6 /* PhotoViewController.swift */ = {isa = PBXFileReference; fileEncoding = 4; lastKnownFileType = sourcecode.swift; path = PhotoViewController.swift; sourceTree = "<group>"; };
		866743E226027C0100D6B4A6 /* AppDelegate.swift */ = {isa = PBXFileReference; fileEncoding = 4; lastKnownFileType = sourcecode.swift; path = AppDelegate.swift; sourceTree = "<group>"; };
		866743E326027C0100D6B4A6 /* Info.plist */ = {isa = PBXFileReference; fileEncoding = 4; lastKnownFileType = text.plist.xml; path = Info.plist; sourceTree = "<group>"; };
		866743E426027C0100D6B4A6 /* Assets.xcassets */ = {isa = PBXFileReference; lastKnownFileType = folder.assetcatalog; path = Assets.xcassets; sourceTree = "<group>"; };
		866743E726027C0100D6B4A6 /* LaunchScreen.storyboard */ = {isa = PBXFileReference; lastKnownFileType = file.storyboard; path = LaunchScreen.storyboard; sourceTree = "<group>"; };
		866743E926027C0100D6B4A6 /* MyInteractiveTransition.swift */ = {isa = PBXFileReference; fileEncoding = 4; lastKnownFileType = sourcecode.swift; path = MyInteractiveTransition.swift; sourceTree = "<group>"; };
		866743EB26027C0100D6B4A6 /* Session.swift */ = {isa = PBXFileReference; fileEncoding = 4; lastKnownFileType = sourcecode.swift; path = Session.swift; sourceTree = "<group>"; };
		866743EC26027C0100D6B4A6 /* NetworkManager.swift */ = {isa = PBXFileReference; fileEncoding = 4; lastKnownFileType = sourcecode.swift; path = NetworkManager.swift; sourceTree = "<group>"; };
		866743EE26027C0100D6B4A6 /* ProgressItem.swift */ = {isa = PBXFileReference; fileEncoding = 4; lastKnownFileType = sourcecode.swift; path = ProgressItem.swift; sourceTree = "<group>"; };
		866743EF26027C0100D6B4A6 /* LikeView.swift */ = {isa = PBXFileReference; fileEncoding = 4; lastKnownFileType = sourcecode.swift; path = LikeView.swift; sourceTree = "<group>"; };
		866743F026027C0100D6B4A6 /* CustomImageView.swift */ = {isa = PBXFileReference; fileEncoding = 4; lastKnownFileType = sourcecode.swift; path = CustomImageView.swift; sourceTree = "<group>"; };
		866743F226027C0100D6B4A6 /* CustomPushAnimator.swift */ = {isa = PBXFileReference; fileEncoding = 4; lastKnownFileType = sourcecode.swift; path = CustomPushAnimator.swift; sourceTree = "<group>"; };
		866743F326027C0100D6B4A6 /* CustomNavigationViewController.swift */ = {isa = PBXFileReference; fileEncoding = 4; lastKnownFileType = sourcecode.swift; path = CustomNavigationViewController.swift; sourceTree = "<group>"; };
		866743F426027C0100D6B4A6 /* CustomPopAnimator.swift */ = {isa = PBXFileReference; fileEncoding = 4; lastKnownFileType = sourcecode.swift; path = CustomPopAnimator.swift; sourceTree = "<group>"; };
		866743F626027C0100D6B4A6 /* RealmManager.swift */ = {isa = PBXFileReference; fileEncoding = 4; lastKnownFileType = sourcecode.swift; path = RealmManager.swift; sourceTree = "<group>"; };
		866743FA26027C0100D6B4A6 /* Base */ = {isa = PBXFileReference; lastKnownFileType = file.storyboard; name = Base; path = Base.lproj/Main.storyboard; sourceTree = "<group>"; };
		866743FE26027C0100D6B4A6 /* Photo.swift */ = {isa = PBXFileReference; fileEncoding = 4; lastKnownFileType = sourcecode.swift; path = Photo.swift; sourceTree = "<group>"; };
		866743FF26027C0100D6B4A6 /* Groups.swift */ = {isa = PBXFileReference; fileEncoding = 4; lastKnownFileType = sourcecode.swift; path = Groups.swift; sourceTree = "<group>"; };
		8667440126027C0100D6B4A6 /* User.swift */ = {isa = PBXFileReference; fileEncoding = 4; lastKnownFileType = sourcecode.swift; path = User.swift; sourceTree = "<group>"; };
		8667440226027C0100D6B4A6 /* SceneDelegate.swift */ = {isa = PBXFileReference; fileEncoding = 4; lastKnownFileType = sourcecode.swift; path = SceneDelegate.swift; sourceTree = "<group>"; };
		8668DF99258DFA5A00A5A399 /* VkMessenger.app */ = {isa = PBXFileReference; explicitFileType = wrapper.application; includeInIndex = 0; path = VkMessenger.app; sourceTree = BUILT_PRODUCTS_DIR; };
		8688368D2F5FEC2F998688D9 /* Pods_VkMessenger.framework */ = {isa = PBXFileReference; explicitFileType = wrapper.framework; includeInIndex = 0; path = Pods_VkMessenger.framework; sourceTree = BUILT_PRODUCTS_DIR; };
		A1E3DFBAFB89C2BA41067582 /* Pods-VkMessenger.release.xcconfig */ = {isa = PBXFileReference; includeInIndex = 1; lastKnownFileType = text.xcconfig; name = "Pods-VkMessenger.release.xcconfig"; path = "Target Support Files/Pods-VkMessenger/Pods-VkMessenger.release.xcconfig"; sourceTree = "<group>"; };
/* End PBXFileReference section */

/* Begin PBXFrameworksBuildPhase section */
		8668DF96258DFA5A00A5A399 /* Frameworks */ = {
			isa = PBXFrameworksBuildPhase;
			buildActionMask = 2147483647;
			files = (
				51C59137DD37D65742093D48 /* Pods_VkMessenger.framework in Frameworks */,
			);
			runOnlyForDeploymentPostprocessing = 0;
		};
/* End PBXFrameworksBuildPhase section */

/* Begin PBXGroup section */
		262BDE468973D24BEF193AAC /* Pods */ = {
			isa = PBXGroup;
			children = (
				2093E6AB30EDB9CBD8A31D56 /* Pods-VkMessenger.debug.xcconfig */,
				A1E3DFBAFB89C2BA41067582 /* Pods-VkMessenger.release.xcconfig */,
			);
			path = Pods;
			sourceTree = "<group>";
		};
		5B6F9804915CEA34C585E613 /* Frameworks */ = {
			isa = PBXGroup;
			children = (
				8688368D2F5FEC2F998688D9 /* Pods_VkMessenger.framework */,
			);
			name = Frameworks;
			sourceTree = "<group>";
		};
		862AC15826065E5B000CF9FF /* Interactive */ = {
			isa = PBXGroup;
			children = (
				866743E926027C0100D6B4A6 /* MyInteractiveTransition.swift */,
			);
			path = Interactive;
			sourceTree = "<group>";
		};
		862AC15D2606708B000CF9FF /* FriendVC */ = {
			isa = PBXGroup;
			children = (
				862AC160260670DA000CF9FF /* Cell */,
				866743C626027C0100D6B4A6 /* FriendsViewController.swift */,
			);
			path = FriendVC;
			sourceTree = "<group>";
		};
		862AC15E26067096000CF9FF /* GroupVC */ = {
			isa = PBXGroup;
			children = (
				862AC161260670E5000CF9FF /* Cell */,
				866743D826027C0100D6B4A6 /* GroupTableViewController.swift */,
			);
			path = GroupVC;
			sourceTree = "<group>";
		};
		862AC160260670DA000CF9FF /* Cell */ = {
			isa = PBXGroup;
			children = (
				866743D126027C0100D6B4A6 /* FriendTableViewCell.swift */,
			);
			path = Cell;
			sourceTree = "<group>";
		};
		862AC161260670E5000CF9FF /* Cell */ = {
			isa = PBXGroup;
			children = (
				866743D226027C0100D6B4A6 /* GroupTableViewCell.swift */,
			);
			path = Cell;
			sourceTree = "<group>";
		};
		862AC1642606716C000CF9FF /* NewsVC */ = {
			isa = PBXGroup;
			children = (
				862AC16526067174000CF9FF /* Cell */,
				866743C826027C0100D6B4A6 /* NewsTableViewController.swift */,
			);
			path = NewsVC;
			sourceTree = "<group>";
		};
		862AC16526067174000CF9FF /* Cell */ = {
			isa = PBXGroup;
			children = (
				866743CB26027C0100D6B4A6 /* NewsTableViewCell.xib */,
				866743CC26027C0100D6B4A6 /* NewsTableViewCell.swift */,
			);
			path = Cell;
			sourceTree = "<group>";
		};
		862AC1662606718D000CF9FF /* PhotoVC */ = {
			isa = PBXGroup;
			children = (
				862AC167260671F9000CF9FF /* Cell */,
				866743C726027C0100D6B4A6 /* PhotoCollectionViewController.swift */,
				866743E126027C0100D6B4A6 /* PhotoViewController.swift */,
			);
			path = PhotoVC;
			sourceTree = "<group>";
		};
		862AC167260671F9000CF9FF /* Cell */ = {
			isa = PBXGroup;
			children = (
				866743CE26027C0100D6B4A6 /* PhotoCollectionViewCell.swift */,
			);
			path = Cell;
			sourceTree = "<group>";
		};
		866743C426027C0100D6B4A6 /* Controller */ = {
			isa = PBXGroup;
			children = (
				866743D426027C0100D6B4A6 /* Headers */,
				862AC1662606718D000CF9FF /* PhotoVC */,
				862AC1642606716C000CF9FF /* NewsVC */,
				866743DC26027C0100D6B4A6 /* LoginVC */,
				862AC15D2606708B000CF9FF /* FriendVC */,
				862AC15E26067096000CF9FF /* GroupVC */,
				866743DB26027C0100D6B4A6 /* ProfileVC */,
				866743D926027C0100D6B4A6 /* TabBar */,
			);
			path = Controller;
			sourceTree = "<group>";
		};
		866743D426027C0100D6B4A6 /* Headers */ = {
			isa = PBXGroup;
			children = (
				866743D526027C0100D6B4A6 /* FriendsHeader.swift */,
				866743D626027C0100D6B4A6 /* GroupHeader.swift */,
			);
			path = Headers;
			sourceTree = "<group>";
		};
		866743D926027C0100D6B4A6 /* TabBar */ = {
			isa = PBXGroup;
			children = (
				866743DA26027C0100D6B4A6 /* TabBarViewController.swift */,
			);
			path = TabBar;
			sourceTree = "<group>";
		};
		866743DB26027C0100D6B4A6 /* ProfileVC */ = {
			isa = PBXGroup;
			children = (
				866743E026027C0100D6B4A6 /* ProfileViewController.swift */,
			);
			path = ProfileVC;
			sourceTree = "<group>";
		};
		866743DC26027C0100D6B4A6 /* LoginVC */ = {
			isa = PBXGroup;
			children = (
				866743DD26027C0100D6B4A6 /* VKLoginViewController.swift */,
			);
			path = LoginVC;
			sourceTree = "<group>";
		};
		866743E826027C0100D6B4A6 /* Utils */ = {
			isa = PBXGroup;
			children = (
				862AC15826065E5B000CF9FF /* Interactive */,
				866743EA26027C0100D6B4A6 /* NetworkManager */,
				866743ED26027C0100D6B4A6 /* CustomItems */,
				866743F126027C0100D6B4A6 /* CustomView */,
				866743F526027C0100D6B4A6 /* RealmManager */,
			);
			path = Utils;
			sourceTree = "<group>";
		};
		866743EA26027C0100D6B4A6 /* NetworkManager */ = {
			isa = PBXGroup;
			children = (
				866743EB26027C0100D6B4A6 /* Session.swift */,
				866743EC26027C0100D6B4A6 /* NetworkManager.swift */,
			);
			path = NetworkManager;
			sourceTree = "<group>";
		};
		866743ED26027C0100D6B4A6 /* CustomItems */ = {
			isa = PBXGroup;
			children = (
				866743EE26027C0100D6B4A6 /* ProgressItem.swift */,
				866743EF26027C0100D6B4A6 /* LikeView.swift */,
				866743F026027C0100D6B4A6 /* CustomImageView.swift */,
			);
			path = CustomItems;
			sourceTree = "<group>";
		};
		866743F126027C0100D6B4A6 /* CustomView */ = {
			isa = PBXGroup;
			children = (
				866743F226027C0100D6B4A6 /* CustomPushAnimator.swift */,
				866743F326027C0100D6B4A6 /* CustomNavigationViewController.swift */,
				866743F426027C0100D6B4A6 /* CustomPopAnimator.swift */,
			);
			path = CustomView;
			sourceTree = "<group>";
		};
		866743F526027C0100D6B4A6 /* RealmManager */ = {
			isa = PBXGroup;
			children = (
				866743F626027C0100D6B4A6 /* RealmManager.swift */,
			);
			path = RealmManager;
			sourceTree = "<group>";
		};
		866743F726027C0100D6B4A6 /* DelegateFiles */ = {
			isa = PBXGroup;
			children = (
				8667440226027C0100D6B4A6 /* SceneDelegate.swift */,
				866743E226027C0100D6B4A6 /* AppDelegate.swift */,
			);
			path = DelegateFiles;
			sourceTree = "<group>";
		};
		866743F826027C0100D6B4A6 /* View */ = {
			isa = PBXGroup;
			children = (
				866743F926027C0100D6B4A6 /* Main.storyboard */,
			);
			path = View;
			sourceTree = "<group>";
		};
		866743FB26027C0100D6B4A6 /* Model */ = {
			isa = PBXGroup;
			children = (
				866743FE26027C0100D6B4A6 /* Photo.swift */,
				866743FF26027C0100D6B4A6 /* Groups.swift */,
				8667440126027C0100D6B4A6 /* User.swift */,
				862AC17426067C34000CF9FF /* News.swift */,
			);
			path = Model;
			sourceTree = "<group>";
		};
		8668DF90258DFA5A00A5A399 = {
			isa = PBXGroup;
			children = (
				8668DF9B258DFA5A00A5A399 /* VkMessenger */,
				8668DF9A258DFA5A00A5A399 /* Products */,
				262BDE468973D24BEF193AAC /* Pods */,
				5B6F9804915CEA34C585E613 /* Frameworks */,
			);
			sourceTree = "<group>";
		};
		8668DF9A258DFA5A00A5A399 /* Products */ = {
			isa = PBXGroup;
			children = (
				8668DF99258DFA5A00A5A399 /* VkMessenger.app */,
			);
			name = Products;
			sourceTree = "<group>";
		};
		8668DF9B258DFA5A00A5A399 /* VkMessenger */ = {
			isa = PBXGroup;
			children = (
				866743F726027C0100D6B4A6 /* DelegateFiles */,
				866743FB26027C0100D6B4A6 /* Model */,
				866743F826027C0100D6B4A6 /* View */,
				866743C426027C0100D6B4A6 /* Controller */,
				866743E826027C0100D6B4A6 /* Utils */,
				866743E426027C0100D6B4A6 /* Assets.xcassets */,
				866743E726027C0100D6B4A6 /* LaunchScreen.storyboard */,
				866743E326027C0100D6B4A6 /* Info.plist */,
			);
			path = VkMessenger;
			sourceTree = "<group>";
		};
/* End PBXGroup section */

/* Begin PBXNativeTarget section */
		8668DF98258DFA5A00A5A399 /* VkMessenger */ = {
			isa = PBXNativeTarget;
			buildConfigurationList = 8668DFAD258DFA5C00A5A399 /* Build configuration list for PBXNativeTarget "VkMessenger" */;
			buildPhases = (
				2DE4E5300081CF568748AFFA /* [CP] Check Pods Manifest.lock */,
				8668DF95258DFA5A00A5A399 /* Sources */,
				8668DF96258DFA5A00A5A399 /* Frameworks */,
				8668DF97258DFA5A00A5A399 /* Resources */,
				0A0069CFC920DC2BD7C7D833 /* [CP] Embed Pods Frameworks */,
			);
			buildRules = (
			);
			dependencies = (
			);
			name = VkMessenger;
			productName = weather;
			productReference = 8668DF99258DFA5A00A5A399 /* VkMessenger.app */;
			productType = "com.apple.product-type.application";
		};
/* End PBXNativeTarget section */

/* Begin PBXProject section */
		8668DF91258DFA5A00A5A399 /* Project object */ = {
			isa = PBXProject;
			attributes = {
				LastSwiftUpdateCheck = 1230;
				LastUpgradeCheck = 1230;
				TargetAttributes = {
					8668DF98258DFA5A00A5A399 = {
						CreatedOnToolsVersion = 12.3;
						LastSwiftMigration = 1240;
					};
				};
			};
			buildConfigurationList = 8668DF94258DFA5A00A5A399 /* Build configuration list for PBXProject "VkMessenger" */;
			compatibilityVersion = "Xcode 9.3";
			developmentRegion = en;
			hasScannedForEncodings = 0;
			knownRegions = (
				en,
				Base,
			);
			mainGroup = 8668DF90258DFA5A00A5A399;
			productRefGroup = 8668DF9A258DFA5A00A5A399 /* Products */;
			projectDirPath = "";
			projectRoot = "";
			targets = (
				8668DF98258DFA5A00A5A399 /* VkMessenger */,
			);
		};
/* End PBXProject section */

/* Begin PBXResourcesBuildPhase section */
		8668DF97258DFA5A00A5A399 /* Resources */ = {
			isa = PBXResourcesBuildPhase;
			buildActionMask = 2147483647;
			files = (
				8667440626027C0100D6B4A6 /* NewsTableViewCell.xib in Resources */,
				8667441926027C0100D6B4A6 /* Assets.xcassets in Resources */,
				8667442526027C0100D6B4A6 /* Main.storyboard in Resources */,
				862AC14C26064C06000CF9FF /* LaunchScreen.storyboard in Resources */,
			);
			runOnlyForDeploymentPostprocessing = 0;
		};
/* End PBXResourcesBuildPhase section */

/* Begin PBXShellScriptBuildPhase section */
		0A0069CFC920DC2BD7C7D833 /* [CP] Embed Pods Frameworks */ = {
			isa = PBXShellScriptBuildPhase;
			buildActionMask = 2147483647;
			files = (
			);
			inputFileListPaths = (
				"${PODS_ROOT}/Target Support Files/Pods-VkMessenger/Pods-VkMessenger-frameworks-${CONFIGURATION}-input-files.xcfilelist",
			);
			name = "[CP] Embed Pods Frameworks";
			outputFileListPaths = (
				"${PODS_ROOT}/Target Support Files/Pods-VkMessenger/Pods-VkMessenger-frameworks-${CONFIGURATION}-output-files.xcfilelist",
			);
			runOnlyForDeploymentPostprocessing = 0;
			shellPath = /bin/sh;
			shellScript = "\"${PODS_ROOT}/Target Support Files/Pods-VkMessenger/Pods-VkMessenger-frameworks.sh\"\n";
			showEnvVarsInLog = 0;
		};
		2DE4E5300081CF568748AFFA /* [CP] Check Pods Manifest.lock */ = {
			isa = PBXShellScriptBuildPhase;
			buildActionMask = 2147483647;
			files = (
			);
			inputFileListPaths = (
			);
			inputPaths = (
				"${PODS_PODFILE_DIR_PATH}/Podfile.lock",
				"${PODS_ROOT}/Manifest.lock",
			);
			name = "[CP] Check Pods Manifest.lock";
			outputFileListPaths = (
			);
			outputPaths = (
				"$(DERIVED_FILE_DIR)/Pods-VkMessenger-checkManifestLockResult.txt",
			);
			runOnlyForDeploymentPostprocessing = 0;
			shellPath = /bin/sh;
			shellScript = "diff \"${PODS_PODFILE_DIR_PATH}/Podfile.lock\" \"${PODS_ROOT}/Manifest.lock\" > /dev/null\nif [ $? != 0 ] ; then\n    # print error to STDERR\n    echo \"error: The sandbox is not in sync with the Podfile.lock. Run 'pod install' or update your CocoaPods installation.\" >&2\n    exit 1\nfi\n# This output is used by Xcode 'outputs' to avoid re-running this script phase.\necho \"SUCCESS\" > \"${SCRIPT_OUTPUT_FILE_0}\"\n";
			showEnvVarsInLog = 0;
		};
/* End PBXShellScriptBuildPhase section */

/* Begin PBXSourcesBuildPhase section */
		8668DF95258DFA5A00A5A399 /* Sources */ = {
			isa = PBXSourcesBuildPhase;
			buildActionMask = 2147483647;
			files = (
				8667441D26027C0100D6B4A6 /* NetworkManager.swift in Sources */,
				8667440326027C0100D6B4A6 /* FriendsViewController.swift in Sources */,
				8667442826027C0100D6B4A6 /* Groups.swift in Sources */,
				8667441B26027C0100D6B4A6 /* MyInteractiveTransition.swift in Sources */,
				8667440E26027C0100D6B4A6 /* GroupHeader.swift in Sources */,
				8667440D26027C0100D6B4A6 /* FriendsHeader.swift in Sources */,
				8667441226027C0100D6B4A6 /* VKLoginViewController.swift in Sources */,
				8667442B26027C0100D6B4A6 /* SceneDelegate.swift in Sources */,
				8667441526027C0100D6B4A6 /* ProfileViewController.swift in Sources */,
				8667442226027C0100D6B4A6 /* CustomNavigationViewController.swift in Sources */,
				8667441E26027C0100D6B4A6 /* ProgressItem.swift in Sources */,
				8667441126027C0100D6B4A6 /* TabBarViewController.swift in Sources */,
				8667441726027C0100D6B4A6 /* AppDelegate.swift in Sources */,
				8667440826027C0100D6B4A6 /* PhotoCollectionViewCell.swift in Sources */,
				8667440426027C0100D6B4A6 /* PhotoCollectionViewController.swift in Sources */,
				8667442726027C0100D6B4A6 /* Photo.swift in Sources */,
				8667440B26027C0100D6B4A6 /* GroupTableViewCell.swift in Sources */,
				8667442426027C0100D6B4A6 /* RealmManager.swift in Sources */,
				862AC17526067C34000CF9FF /* News.swift in Sources */,
				8667442326027C0100D6B4A6 /* CustomPopAnimator.swift in Sources */,
				8667440726027C0100D6B4A6 /* NewsTableViewCell.swift in Sources */,
				8667442126027C0100D6B4A6 /* CustomPushAnimator.swift in Sources */,
				8667442A26027C0100D6B4A6 /* User.swift in Sources */,
				8667440526027C0100D6B4A6 /* NewsTableViewController.swift in Sources */,
				8667441C26027C0100D6B4A6 /* Session.swift in Sources */,
				8667441026027C0100D6B4A6 /* GroupTableViewController.swift in Sources */,
				8667441F26027C0100D6B4A6 /* LikeView.swift in Sources */,
				8667441626027C0100D6B4A6 /* PhotoViewController.swift in Sources */,
				8667440A26027C0100D6B4A6 /* FriendTableViewCell.swift in Sources */,
				8667442026027C0100D6B4A6 /* CustomImageView.swift in Sources */,
			);
			runOnlyForDeploymentPostprocessing = 0;
		};
/* End PBXSourcesBuildPhase section */

/* Begin PBXVariantGroup section */
		866743F926027C0100D6B4A6 /* Main.storyboard */ = {
			isa = PBXVariantGroup;
			children = (
				866743FA26027C0100D6B4A6 /* Base */,
			);
			name = Main.storyboard;
			sourceTree = "<group>";
		};
/* End PBXVariantGroup section */

/* Begin XCBuildConfiguration section */
		8668DFAB258DFA5C00A5A399 /* Debug */ = {
			isa = XCBuildConfiguration;
			buildSettings = {
				ALWAYS_SEARCH_USER_PATHS = NO;
				CLANG_ANALYZER_NONNULL = YES;
				CLANG_ANALYZER_NUMBER_OBJECT_CONVERSION = YES_AGGRESSIVE;
				CLANG_CXX_LANGUAGE_STANDARD = "gnu++14";
				CLANG_CXX_LIBRARY = "libc++";
				CLANG_ENABLE_MODULES = YES;
				CLANG_ENABLE_OBJC_ARC = YES;
				CLANG_ENABLE_OBJC_WEAK = YES;
				CLANG_WARN_BLOCK_CAPTURE_AUTORELEASING = YES;
				CLANG_WARN_BOOL_CONVERSION = YES;
				CLANG_WARN_COMMA = YES;
				CLANG_WARN_CONSTANT_CONVERSION = YES;
				CLANG_WARN_DEPRECATED_OBJC_IMPLEMENTATIONS = YES;
				CLANG_WARN_DIRECT_OBJC_ISA_USAGE = YES_ERROR;
				CLANG_WARN_DOCUMENTATION_COMMENTS = YES;
				CLANG_WARN_EMPTY_BODY = YES;
				CLANG_WARN_ENUM_CONVERSION = YES;
				CLANG_WARN_INFINITE_RECURSION = YES;
				CLANG_WARN_INT_CONVERSION = YES;
				CLANG_WARN_NON_LITERAL_NULL_CONVERSION = YES;
				CLANG_WARN_OBJC_IMPLICIT_RETAIN_SELF = YES;
				CLANG_WARN_OBJC_LITERAL_CONVERSION = YES;
				CLANG_WARN_OBJC_ROOT_CLASS = YES_ERROR;
				CLANG_WARN_QUOTED_INCLUDE_IN_FRAMEWORK_HEADER = YES;
				CLANG_WARN_RANGE_LOOP_ANALYSIS = YES;
				CLANG_WARN_STRICT_PROTOTYPES = YES;
				CLANG_WARN_SUSPICIOUS_MOVE = YES;
				CLANG_WARN_UNGUARDED_AVAILABILITY = YES_AGGRESSIVE;
				CLANG_WARN_UNREACHABLE_CODE = YES;
				CLANG_WARN__DUPLICATE_METHOD_MATCH = YES;
				COPY_PHASE_STRIP = NO;
				DEBUG_INFORMATION_FORMAT = dwarf;
				ENABLE_STRICT_OBJC_MSGSEND = YES;
				ENABLE_TESTABILITY = YES;
				GCC_C_LANGUAGE_STANDARD = gnu11;
				GCC_DYNAMIC_NO_PIC = NO;
				GCC_NO_COMMON_BLOCKS = YES;
				GCC_OPTIMIZATION_LEVEL = 0;
				GCC_PREPROCESSOR_DEFINITIONS = (
					"DEBUG=1",
					"$(inherited)",
				);
				GCC_WARN_64_TO_32_BIT_CONVERSION = YES;
				GCC_WARN_ABOUT_RETURN_TYPE = YES_ERROR;
				GCC_WARN_UNDECLARED_SELECTOR = YES;
				GCC_WARN_UNINITIALIZED_AUTOS = YES_AGGRESSIVE;
				GCC_WARN_UNUSED_FUNCTION = YES;
				GCC_WARN_UNUSED_VARIABLE = YES;
				IPHONEOS_DEPLOYMENT_TARGET = 14.3;
				MTL_ENABLE_DEBUG_INFO = INCLUDE_SOURCE;
				MTL_FAST_MATH = YES;
				ONLY_ACTIVE_ARCH = YES;
				SDKROOT = iphoneos;
				SWIFT_ACTIVE_COMPILATION_CONDITIONS = DEBUG;
				SWIFT_OPTIMIZATION_LEVEL = "-Onone";
			};
			name = Debug;
		};
		8668DFAC258DFA5C00A5A399 /* Release */ = {
			isa = XCBuildConfiguration;
			buildSettings = {
				ALWAYS_SEARCH_USER_PATHS = NO;
				CLANG_ANALYZER_NONNULL = YES;
				CLANG_ANALYZER_NUMBER_OBJECT_CONVERSION = YES_AGGRESSIVE;
				CLANG_CXX_LANGUAGE_STANDARD = "gnu++14";
				CLANG_CXX_LIBRARY = "libc++";
				CLANG_ENABLE_MODULES = YES;
				CLANG_ENABLE_OBJC_ARC = YES;
				CLANG_ENABLE_OBJC_WEAK = YES;
				CLANG_WARN_BLOCK_CAPTURE_AUTORELEASING = YES;
				CLANG_WARN_BOOL_CONVERSION = YES;
				CLANG_WARN_COMMA = YES;
				CLANG_WARN_CONSTANT_CONVERSION = YES;
				CLANG_WARN_DEPRECATED_OBJC_IMPLEMENTATIONS = YES;
				CLANG_WARN_DIRECT_OBJC_ISA_USAGE = YES_ERROR;
				CLANG_WARN_DOCUMENTATION_COMMENTS = YES;
				CLANG_WARN_EMPTY_BODY = YES;
				CLANG_WARN_ENUM_CONVERSION = YES;
				CLANG_WARN_INFINITE_RECURSION = YES;
				CLANG_WARN_INT_CONVERSION = YES;
				CLANG_WARN_NON_LITERAL_NULL_CONVERSION = YES;
				CLANG_WARN_OBJC_IMPLICIT_RETAIN_SELF = YES;
				CLANG_WARN_OBJC_LITERAL_CONVERSION = YES;
				CLANG_WARN_OBJC_ROOT_CLASS = YES_ERROR;
				CLANG_WARN_QUOTED_INCLUDE_IN_FRAMEWORK_HEADER = YES;
				CLANG_WARN_RANGE_LOOP_ANALYSIS = YES;
				CLANG_WARN_STRICT_PROTOTYPES = YES;
				CLANG_WARN_SUSPICIOUS_MOVE = YES;
				CLANG_WARN_UNGUARDED_AVAILABILITY = YES_AGGRESSIVE;
				CLANG_WARN_UNREACHABLE_CODE = YES;
				CLANG_WARN__DUPLICATE_METHOD_MATCH = YES;
				COPY_PHASE_STRIP = NO;
				DEBUG_INFORMATION_FORMAT = "dwarf-with-dsym";
				ENABLE_NS_ASSERTIONS = NO;
				ENABLE_STRICT_OBJC_MSGSEND = YES;
				GCC_C_LANGUAGE_STANDARD = gnu11;
				GCC_NO_COMMON_BLOCKS = YES;
				GCC_WARN_64_TO_32_BIT_CONVERSION = YES;
				GCC_WARN_ABOUT_RETURN_TYPE = YES_ERROR;
				GCC_WARN_UNDECLARED_SELECTOR = YES;
				GCC_WARN_UNINITIALIZED_AUTOS = YES_AGGRESSIVE;
				GCC_WARN_UNUSED_FUNCTION = YES;
				GCC_WARN_UNUSED_VARIABLE = YES;
				IPHONEOS_DEPLOYMENT_TARGET = 14.3;
				MTL_ENABLE_DEBUG_INFO = NO;
				MTL_FAST_MATH = YES;
				SDKROOT = iphoneos;
				SWIFT_COMPILATION_MODE = wholemodule;
				SWIFT_OPTIMIZATION_LEVEL = "-O";
				VALIDATE_PRODUCT = YES;
			};
			name = Release;
		};
		8668DFAE258DFA5C00A5A399 /* Debug */ = {
			isa = XCBuildConfiguration;
			baseConfigurationReference = 2093E6AB30EDB9CBD8A31D56 /* Pods-VkMessenger.debug.xcconfig */;
			buildSettings = {
				ASSETCATALOG_COMPILER_APPICON_NAME = AppIcon;
				ASSETCATALOG_COMPILER_GLOBAL_ACCENT_COLOR_NAME = AccentColor;
				CLANG_ENABLE_MODULES = YES;
				CODE_SIGN_STYLE = Automatic;
				DEVELOPMENT_TEAM = 9AGMRUUR65;
				INFOPLIST_FILE = VkMessenger/Info.plist;
				LD_RUNPATH_SEARCH_PATHS = (
					"$(inherited)",
					"@executable_path/Frameworks",
				);
				PRODUCT_BUNDLE_IDENTIFIER = astra.vk;
				PRODUCT_NAME = "$(TARGET_NAME)";
				SWIFT_OPTIMIZATION_LEVEL = "-Onone";
				SWIFT_VERSION = 5.0;
				TARGETED_DEVICE_FAMILY = "1,2";
			};
			name = Debug;
		};
		8668DFAF258DFA5C00A5A399 /* Release */ = {
			isa = XCBuildConfiguration;
			baseConfigurationReference = A1E3DFBAFB89C2BA41067582 /* Pods-VkMessenger.release.xcconfig */;
			buildSettings = {
				ASSETCATALOG_COMPILER_APPICON_NAME = AppIcon;
				ASSETCATALOG_COMPILER_GLOBAL_ACCENT_COLOR_NAME = AccentColor;
				CLANG_ENABLE_MODULES = YES;
				CODE_SIGN_STYLE = Automatic;
				DEVELOPMENT_TEAM = 9AGMRUUR65;
				INFOPLIST_FILE = VkMessenger/Info.plist;
				LD_RUNPATH_SEARCH_PATHS = (
					"$(inherited)",
					"@executable_path/Frameworks",
				);
				PRODUCT_BUNDLE_IDENTIFIER = astra.vk;
				PRODUCT_NAME = "$(TARGET_NAME)";
				SWIFT_VERSION = 5.0;
				TARGETED_DEVICE_FAMILY = "1,2";
			};
			name = Release;
		};
/* End XCBuildConfiguration section */

/* Begin XCConfigurationList section */
		8668DF94258DFA5A00A5A399 /* Build configuration list for PBXProject "VkMessenger" */ = {
			isa = XCConfigurationList;
			buildConfigurations = (
				8668DFAB258DFA5C00A5A399 /* Debug */,
				8668DFAC258DFA5C00A5A399 /* Release */,
			);
			defaultConfigurationIsVisible = 0;
			defaultConfigurationName = Release;
		};
		8668DFAD258DFA5C00A5A399 /* Build configuration list for PBXNativeTarget "VkMessenger" */ = {
			isa = XCConfigurationList;
			buildConfigurations = (
				8668DFAE258DFA5C00A5A399 /* Debug */,
				8668DFAF258DFA5C00A5A399 /* Release */,
			);
			defaultConfigurationIsVisible = 0;
			defaultConfigurationName = Release;
		};
/* End XCConfigurationList section */
	};
	rootObject = 8668DF91258DFA5A00A5A399 /* Project object */;
}
