// !$*UTF8*$!
{
	archiveVersion = 1;
	classes = {
	};
	objectVersion = 50;
	objects = {

/* Begin PBXBuildFile section */
		51C59137DD37D65742093D48 /* Pods_VkMessenger.framework in Frameworks */ = {isa = PBXBuildFile; fileRef = 8688368D2F5FEC2F998688D9 /* Pods_VkMessenger.framework */; };
		8611ABC325979016001541A0 /* GroupTableViewCell.swift in Sources */ = {isa = PBXBuildFile; fileRef = 8611ABC225979016001541A0 /* GroupTableViewCell.swift */; };
		8611ABC725979107001541A0 /* FriendTableViewCell.swift in Sources */ = {isa = PBXBuildFile; fileRef = 8611ABC625979107001541A0 /* FriendTableViewCell.swift */; };
		8627F36225BB2C360022D87E /* LoadViewController.swift in Sources */ = {isa = PBXBuildFile; fileRef = 8627F36125BB2C360022D87E /* LoadViewController.swift */; };
		86320FFA25B78AE40031354F /* NewsTableViewCell.swift in Sources */ = {isa = PBXBuildFile; fileRef = 86320FF825B78AE40031354F /* NewsTableViewCell.swift */; };
		86320FFB25B78AE40031354F /* NewsTableViewCell.xib in Resources */ = {isa = PBXBuildFile; fileRef = 86320FF925B78AE40031354F /* NewsTableViewCell.xib */; };
		86320FFE25B78BE60031354F /* NewsTableViewController.swift in Sources */ = {isa = PBXBuildFile; fileRef = 86320FFD25B78BE60031354F /* NewsTableViewController.swift */; };
		8632100225B874FB0031354F /* FriendsViewController.swift in Sources */ = {isa = PBXBuildFile; fileRef = 8632100125B874FA0031354F /* FriendsViewController.swift */; };
		8632100725B883010031354F /* CharacterPicker.swift in Sources */ = {isa = PBXBuildFile; fileRef = 8632100625B883010031354F /* CharacterPicker.swift */; };
		8633DD77259F64650021CAC6 /* Friend.swift in Sources */ = {isa = PBXBuildFile; fileRef = 8633DD76259F64650021CAC6 /* Friend.swift */; };
		8633DD7B259F647D0021CAC6 /* News.swift in Sources */ = {isa = PBXBuildFile; fileRef = 8633DD7A259F647D0021CAC6 /* News.swift */; };
		8633DD7F259F672B0021CAC6 /* InitStruct.swift in Sources */ = {isa = PBXBuildFile; fileRef = 8633DD7E259F672B0021CAC6 /* InitStruct.swift */; };
		8633DD9125A074A70021CAC6 /* ProfileViewController.swift in Sources */ = {isa = PBXBuildFile; fileRef = 8633DD9025A074A70021CAC6 /* ProfileViewController.swift */; };
		865DB58725D51F8D003FECC7 /* VKLoginViewController.swift in Sources */ = {isa = PBXBuildFile; fileRef = 865DB58625D51F8D003FECC7 /* VKLoginViewController.swift */; };
		8662AC8C2594D8140023EFFC /* TabBarViewController.swift in Sources */ = {isa = PBXBuildFile; fileRef = 8662AC8B2594D8140023EFFC /* TabBarViewController.swift */; };
		8668DF9D258DFA5A00A5A399 /* AppDelegate.swift in Sources */ = {isa = PBXBuildFile; fileRef = 8668DF9C258DFA5A00A5A399 /* AppDelegate.swift */; };
		8668DF9F258DFA5A00A5A399 /* SceneDelegate.swift in Sources */ = {isa = PBXBuildFile; fileRef = 8668DF9E258DFA5A00A5A399 /* SceneDelegate.swift */; };
		8668DFA1258DFA5A00A5A399 /* LoginViewController.swift in Sources */ = {isa = PBXBuildFile; fileRef = 8668DFA0258DFA5A00A5A399 /* LoginViewController.swift */; };
		8668DFA4258DFA5A00A5A399 /* Main.storyboard in Resources */ = {isa = PBXBuildFile; fileRef = 8668DFA2258DFA5A00A5A399 /* Main.storyboard */; };
		8668DFA6258DFA5C00A5A399 /* Assets.xcassets in Resources */ = {isa = PBXBuildFile; fileRef = 8668DFA5258DFA5C00A5A399 /* Assets.xcassets */; };
		8668DFA9258DFA5C00A5A399 /* LaunchScreen.storyboard in Resources */ = {isa = PBXBuildFile; fileRef = 8668DFA7258DFA5C00A5A399 /* LaunchScreen.storyboard */; };
		8675E5E825AF5F3800A8BEE8 /* FriendsPicker.swift in Sources */ = {isa = PBXBuildFile; fileRef = 8675E5E725AF5F3800A8BEE8 /* FriendsPicker.swift */; };
		86895E1125CEA24D00083745 /* NetworkManager.swift in Sources */ = {isa = PBXBuildFile; fileRef = 86895E1025CEA24D00083745 /* NetworkManager.swift */; };
		869D012325C1EB0A005AEF4F /* PhotoViewController.swift in Sources */ = {isa = PBXBuildFile; fileRef = 869D012225C1EB09005AEF4F /* PhotoViewController.swift */; };
		86A96E3725C8944E007E0D6F /* ProgressItem.swift in Sources */ = {isa = PBXBuildFile; fileRef = 86A96E3625C8944E007E0D6F /* ProgressItem.swift */; };
		86ABD36E25975E45009DD4C8 /* User.swift in Sources */ = {isa = PBXBuildFile; fileRef = 86ABD36D25975E45009DD4C8 /* User.swift */; };
		86ABD37125975E4E009DD4C8 /* Group.swift in Sources */ = {isa = PBXBuildFile; fileRef = 86ABD37025975E4E009DD4C8 /* Group.swift */; };
		86ABD37D259771E8009DD4C8 /* GroupTableViewController.swift in Sources */ = {isa = PBXBuildFile; fileRef = 86ABD37C259771E8009DD4C8 /* GroupTableViewController.swift */; };
		86ABD38625977458009DD4C8 /* AllGroupTableViewController.swift in Sources */ = {isa = PBXBuildFile; fileRef = 86ABD38525977458009DD4C8 /* AllGroupTableViewController.swift */; };
		86ABD389259777B3009DD4C8 /* PhotoCollectionViewController.swift in Sources */ = {isa = PBXBuildFile; fileRef = 86ABD388259777B3009DD4C8 /* PhotoCollectionViewController.swift */; };
		86ABD39725978CEE009DD4C8 /* AllGroupTableViewCell.swift in Sources */ = {isa = PBXBuildFile; fileRef = 86ABD39625978CEE009DD4C8 /* AllGroupTableViewCell.swift */; };
		86ABD39C25978D4F009DD4C8 /* PhotoCollectionViewCell.swift in Sources */ = {isa = PBXBuildFile; fileRef = 86ABD39B25978D4F009DD4C8 /* PhotoCollectionViewCell.swift */; };
		86C38DF025A650EC0092B7AE /* CustomImageView.swift in Sources */ = {isa = PBXBuildFile; fileRef = 86C38DEF25A650EC0092B7AE /* CustomImageView.swift */; };
		86F3BD5F25CA006A00F02F39 /* RegistrationViewController.swift in Sources */ = {isa = PBXBuildFile; fileRef = 86F3BD5E25CA006A00F02F39 /* RegistrationViewController.swift */; };
		86F48DF425A79BB900268CC1 /* LikeView.swift in Sources */ = {isa = PBXBuildFile; fileRef = 86F48DF325A79BB900268CC1 /* LikeView.swift */; };
		86FDC77D25C3059F00D6089B /* CustomNavigationViewController.swift in Sources */ = {isa = PBXBuildFile; fileRef = 86FDC77C25C3059F00D6089B /* CustomNavigationViewController.swift */; };
		86FDC78125C3066200D6089B /* CustomPushAnimator.swift in Sources */ = {isa = PBXBuildFile; fileRef = 86FDC78025C3066200D6089B /* CustomPushAnimator.swift */; };
		86FDC78725C3505F00D6089B /* CustomPopAnimator.swift in Sources */ = {isa = PBXBuildFile; fileRef = 86FDC78625C3505F00D6089B /* CustomPopAnimator.swift */; };
		86FDC78A25C4125300D6089B /* MyInteractiveTransition.swift in Sources */ = {isa = PBXBuildFile; fileRef = 86FDC78925C4125200D6089B /* MyInteractiveTransition.swift */; };
/* End PBXBuildFile section */

/* Begin PBXFileReference section */
		2093E6AB30EDB9CBD8A31D56 /* Pods-VkMessenger.debug.xcconfig */ = {isa = PBXFileReference; includeInIndex = 1; lastKnownFileType = text.xcconfig; name = "Pods-VkMessenger.debug.xcconfig"; path = "Target Support Files/Pods-VkMessenger/Pods-VkMessenger.debug.xcconfig"; sourceTree = "<group>"; };
		8611ABC225979016001541A0 /* GroupTableViewCell.swift */ = {isa = PBXFileReference; lastKnownFileType = sourcecode.swift; path = GroupTableViewCell.swift; sourceTree = "<group>"; };
		8611ABC625979107001541A0 /* FriendTableViewCell.swift */ = {isa = PBXFileReference; lastKnownFileType = sourcecode.swift; path = FriendTableViewCell.swift; sourceTree = "<group>"; };
		8627F36125BB2C360022D87E /* LoadViewController.swift */ = {isa = PBXFileReference; lastKnownFileType = sourcecode.swift; path = LoadViewController.swift; sourceTree = "<group>"; };
		86320FF825B78AE40031354F /* NewsTableViewCell.swift */ = {isa = PBXFileReference; lastKnownFileType = sourcecode.swift; path = NewsTableViewCell.swift; sourceTree = "<group>"; };
		86320FF925B78AE40031354F /* NewsTableViewCell.xib */ = {isa = PBXFileReference; lastKnownFileType = file.xib; path = NewsTableViewCell.xib; sourceTree = "<group>"; };
		86320FFD25B78BE60031354F /* NewsTableViewController.swift */ = {isa = PBXFileReference; lastKnownFileType = sourcecode.swift; path = NewsTableViewController.swift; sourceTree = "<group>"; };
		8632100125B874FA0031354F /* FriendsViewController.swift */ = {isa = PBXFileReference; lastKnownFileType = sourcecode.swift; path = FriendsViewController.swift; sourceTree = "<group>"; };
		8632100625B883010031354F /* CharacterPicker.swift */ = {isa = PBXFileReference; lastKnownFileType = sourcecode.swift; path = CharacterPicker.swift; sourceTree = "<group>"; };
		8633DD76259F64650021CAC6 /* Friend.swift */ = {isa = PBXFileReference; lastKnownFileType = sourcecode.swift; path = Friend.swift; sourceTree = "<group>"; };
		8633DD7A259F647D0021CAC6 /* News.swift */ = {isa = PBXFileReference; lastKnownFileType = sourcecode.swift; path = News.swift; sourceTree = "<group>"; };
		8633DD7E259F672B0021CAC6 /* InitStruct.swift */ = {isa = PBXFileReference; lastKnownFileType = sourcecode.swift; path = InitStruct.swift; sourceTree = "<group>"; };
		8633DD9025A074A70021CAC6 /* ProfileViewController.swift */ = {isa = PBXFileReference; lastKnownFileType = sourcecode.swift; path = ProfileViewController.swift; sourceTree = "<group>"; };
		865DB58625D51F8D003FECC7 /* VKLoginViewController.swift */ = {isa = PBXFileReference; lastKnownFileType = sourcecode.swift; path = VKLoginViewController.swift; sourceTree = "<group>"; };
		8662AC8B2594D8140023EFFC /* TabBarViewController.swift */ = {isa = PBXFileReference; lastKnownFileType = sourcecode.swift; path = TabBarViewController.swift; sourceTree = "<group>"; };
		8668DF99258DFA5A00A5A399 /* VkMessenger.app */ = {isa = PBXFileReference; explicitFileType = wrapper.application; includeInIndex = 0; path = VkMessenger.app; sourceTree = BUILT_PRODUCTS_DIR; };
		8668DF9C258DFA5A00A5A399 /* AppDelegate.swift */ = {isa = PBXFileReference; lastKnownFileType = sourcecode.swift; path = AppDelegate.swift; sourceTree = "<group>"; };
		8668DF9E258DFA5A00A5A399 /* SceneDelegate.swift */ = {isa = PBXFileReference; lastKnownFileType = sourcecode.swift; path = SceneDelegate.swift; sourceTree = "<group>"; };
		8668DFA0258DFA5A00A5A399 /* LoginViewController.swift */ = {isa = PBXFileReference; lastKnownFileType = sourcecode.swift; path = LoginViewController.swift; sourceTree = "<group>"; };
		8668DFA3258DFA5A00A5A399 /* Base */ = {isa = PBXFileReference; lastKnownFileType = file.storyboard; name = Base; path = Base.lproj/Main.storyboard; sourceTree = "<group>"; };
		8668DFA5258DFA5C00A5A399 /* Assets.xcassets */ = {isa = PBXFileReference; lastKnownFileType = folder.assetcatalog; path = Assets.xcassets; sourceTree = "<group>"; };
		8668DFA8258DFA5C00A5A399 /* Base */ = {isa = PBXFileReference; lastKnownFileType = file.storyboard; name = Base; path = Base.lproj/LaunchScreen.storyboard; sourceTree = "<group>"; };
		8668DFAA258DFA5C00A5A399 /* Info.plist */ = {isa = PBXFileReference; lastKnownFileType = text.plist.xml; path = Info.plist; sourceTree = "<group>"; };
		8675E5E725AF5F3800A8BEE8 /* FriendsPicker.swift */ = {isa = PBXFileReference; lastKnownFileType = sourcecode.swift; path = FriendsPicker.swift; sourceTree = "<group>"; };
		8688368D2F5FEC2F998688D9 /* Pods_VkMessenger.framework */ = {isa = PBXFileReference; explicitFileType = wrapper.framework; includeInIndex = 0; path = Pods_VkMessenger.framework; sourceTree = BUILT_PRODUCTS_DIR; };
		86895E1025CEA24D00083745 /* NetworkManager.swift */ = {isa = PBXFileReference; lastKnownFileType = sourcecode.swift; path = NetworkManager.swift; sourceTree = "<group>"; };
		869D012225C1EB09005AEF4F /* PhotoViewController.swift */ = {isa = PBXFileReference; lastKnownFileType = sourcecode.swift; path = PhotoViewController.swift; sourceTree = "<group>"; };
		86A96E3625C8944E007E0D6F /* ProgressItem.swift */ = {isa = PBXFileReference; lastKnownFileType = sourcecode.swift; path = ProgressItem.swift; sourceTree = "<group>"; };
		86ABD36D25975E45009DD4C8 /* User.swift */ = {isa = PBXFileReference; lastKnownFileType = sourcecode.swift; path = User.swift; sourceTree = "<group>"; };
		86ABD37025975E4E009DD4C8 /* Group.swift */ = {isa = PBXFileReference; lastKnownFileType = sourcecode.swift; path = Group.swift; sourceTree = "<group>"; };
		86ABD37C259771E8009DD4C8 /* GroupTableViewController.swift */ = {isa = PBXFileReference; lastKnownFileType = sourcecode.swift; path = GroupTableViewController.swift; sourceTree = "<group>"; };
		86ABD38525977458009DD4C8 /* AllGroupTableViewController.swift */ = {isa = PBXFileReference; lastKnownFileType = sourcecode.swift; path = AllGroupTableViewController.swift; sourceTree = "<group>"; };
		86ABD388259777B3009DD4C8 /* PhotoCollectionViewController.swift */ = {isa = PBXFileReference; lastKnownFileType = sourcecode.swift; path = PhotoCollectionViewController.swift; sourceTree = "<group>"; };
		86ABD39625978CEE009DD4C8 /* AllGroupTableViewCell.swift */ = {isa = PBXFileReference; lastKnownFileType = sourcecode.swift; path = AllGroupTableViewCell.swift; sourceTree = "<group>"; };
		86ABD39B25978D4F009DD4C8 /* PhotoCollectionViewCell.swift */ = {isa = PBXFileReference; lastKnownFileType = sourcecode.swift; path = PhotoCollectionViewCell.swift; sourceTree = "<group>"; };
		86C38DEF25A650EC0092B7AE /* CustomImageView.swift */ = {isa = PBXFileReference; lastKnownFileType = sourcecode.swift; path = CustomImageView.swift; sourceTree = "<group>"; };
		86F3BD5E25CA006A00F02F39 /* RegistrationViewController.swift */ = {isa = PBXFileReference; lastKnownFileType = sourcecode.swift; path = RegistrationViewController.swift; sourceTree = "<group>"; };
		86F48DF325A79BB900268CC1 /* LikeView.swift */ = {isa = PBXFileReference; lastKnownFileType = sourcecode.swift; path = LikeView.swift; sourceTree = "<group>"; };
		86FDC77C25C3059F00D6089B /* CustomNavigationViewController.swift */ = {isa = PBXFileReference; lastKnownFileType = sourcecode.swift; path = CustomNavigationViewController.swift; sourceTree = "<group>"; };
		86FDC78025C3066200D6089B /* CustomPushAnimator.swift */ = {isa = PBXFileReference; lastKnownFileType = sourcecode.swift; path = CustomPushAnimator.swift; sourceTree = "<group>"; };
		86FDC78625C3505F00D6089B /* CustomPopAnimator.swift */ = {isa = PBXFileReference; lastKnownFileType = sourcecode.swift; path = CustomPopAnimator.swift; sourceTree = "<group>"; };
		86FDC78925C4125200D6089B /* MyInteractiveTransition.swift */ = {isa = PBXFileReference; lastKnownFileType = sourcecode.swift; path = MyInteractiveTransition.swift; sourceTree = "<group>"; };
		A1E3DFBAFB89C2BA41067582 /* Pods-VkMessenger.release.xcconfig */ = {isa = PBXFileReference; includeInIndex = 1; lastKnownFileType = text.xcconfig; name = "Pods-VkMessenger.release.xcconfig"; path = "Target Support Files/Pods-VkMessenger/Pods-VkMessenger.release.xcconfig"; sourceTree = "<group>"; };
/* End PBXFileReference section */

/* Begin PBXFrameworksBuildPhase section */
		8668DF96258DFA5A00A5A399 /* Frameworks */ = {
			isa = PBXFrameworksBuildPhase;
			buildActionMask = 2147483647;
			files = (
				51C59137DD37D65742093D48 /* Pods_VkMessenger.framework in Frameworks */,
			);
			runOnlyForDeploymentPostprocessing = 0;
		};
/* End PBXFrameworksBuildPhase section */

/* Begin PBXGroup section */
		262BDE468973D24BEF193AAC /* Pods */ = {
			isa = PBXGroup;
			children = (
				2093E6AB30EDB9CBD8A31D56 /* Pods-VkMessenger.debug.xcconfig */,
				A1E3DFBAFB89C2BA41067582 /* Pods-VkMessenger.release.xcconfig */,
			);
			name = Pods;
			path = Pods;
			sourceTree = "<group>";
		};
		5B6F9804915CEA34C585E613 /* Frameworks */ = {
			isa = PBXGroup;
			children = (
				8688368D2F5FEC2F998688D9 /* Pods_VkMessenger.framework */,
			);
			name = Frameworks;
			sourceTree = "<group>";
		};
		86320FF025B781130031354F /* Cell */ = {
			isa = PBXGroup;
			children = (
				86320FF325B7897A0031354F /* Xib */,
				86ABD39A25978D16009DD4C8 /* CollectionViewCell */,
				86ABD38C259788FF009DD4C8 /* TableViewCell */,
			);
			path = Cell;
			sourceTree = "<group>";
		};
		86320FF325B7897A0031354F /* Xib */ = {
			isa = PBXGroup;
			children = (
				86320FF825B78AE40031354F /* NewsTableViewCell.swift */,
				86320FF925B78AE40031354F /* NewsTableViewCell.xib */,
			);
			path = Xib;
			sourceTree = "<group>";
		};
		863293A625910C4B0022F3A5 /* LoginVC */ = {
			isa = PBXGroup;
			children = (
				8668DFA0258DFA5A00A5A399 /* LoginViewController.swift */,
				8627F36125BB2C360022D87E /* LoadViewController.swift */,
			);
			path = LoginVC;
			sourceTree = "<group>";
		};
		8633DD72259F638D0021CAC6 /* User */ = {
			isa = PBXGroup;
			children = (
				86ABD36D25975E45009DD4C8 /* User.swift */,
			);
			path = User;
			sourceTree = "<group>";
		};
		8633DD73259F63930021CAC6 /* Friends */ = {
			isa = PBXGroup;
			children = (
				8633DD76259F64650021CAC6 /* Friend.swift */,
			);
			path = Friends;
			sourceTree = "<group>";
		};
		8633DD74259F63A00021CAC6 /* News */ = {
			isa = PBXGroup;
			children = (
				8633DD7A259F647D0021CAC6 /* News.swift */,
			);
			path = News;
			sourceTree = "<group>";
		};
		8633DD75259F63A50021CAC6 /* Group */ = {
			isa = PBXGroup;
			children = (
				86ABD37025975E4E009DD4C8 /* Group.swift */,
			);
			path = Group;
			sourceTree = "<group>";
		};
		8633DD9325A0806B0021CAC6 /* Profile */ = {
			isa = PBXGroup;
			children = (
				8633DD9025A074A70021CAC6 /* ProfileViewController.swift */,
			);
			path = Profile;
			sourceTree = "<group>";
		};
		8662AC902594D87D0023EFFC /* TabBar */ = {
			isa = PBXGroup;
			children = (
				8662AC8B2594D8140023EFFC /* TabBarViewController.swift */,
			);
			path = TabBar;
			sourceTree = "<group>";
		};
		8662AC912594D8900023EFFC /* DelegateFiles */ = {
			isa = PBXGroup;
			children = (
				8668DF9C258DFA5A00A5A399 /* AppDelegate.swift */,
				8668DF9E258DFA5A00A5A399 /* SceneDelegate.swift */,
			);
			path = DelegateFiles;
			sourceTree = "<group>";
		};
		8668DF90258DFA5A00A5A399 = {
			isa = PBXGroup;
			children = (
				8668DF9B258DFA5A00A5A399 /* VkMessenger */,
				8668DF9A258DFA5A00A5A399 /* Products */,
				262BDE468973D24BEF193AAC /* Pods */,
				5B6F9804915CEA34C585E613 /* Frameworks */,
			);
			sourceTree = "<group>";
		};
		8668DF9A258DFA5A00A5A399 /* Products */ = {
			isa = PBXGroup;
			children = (
				8668DF99258DFA5A00A5A399 /* VkMessenger.app */,
			);
			name = Products;
			sourceTree = "<group>";
		};
		8668DF9B258DFA5A00A5A399 /* VkMessenger */ = {
			isa = PBXGroup;
			children = (
				86895E0F25CEA23600083745 /* NetworkManager */,
				86FDC77B25C3055500D6089B /* Utils */,
				8662AC912594D8900023EFFC /* DelegateFiles */,
				86ABD366259691A1009DD4C8 /* View */,
				86ABD36525969199009DD4C8 /* Model */,
				86ABD36425969182009DD4C8 /* Controller */,
				8668DFA5258DFA5C00A5A399 /* Assets.xcassets */,
				8668DFA7258DFA5C00A5A399 /* LaunchScreen.storyboard */,
				8668DFAA258DFA5C00A5A399 /* Info.plist */,
			);
			path = VkMessenger;
			sourceTree = "<group>";
		};
		8675E5EB25AF5FEC00A8BEE8 /* CustomItems */ = {
			isa = PBXGroup;
			children = (
				86C38DEF25A650EC0092B7AE /* CustomImageView.swift */,
				86F48DF325A79BB900268CC1 /* LikeView.swift */,
				8675E5E725AF5F3800A8BEE8 /* FriendsPicker.swift */,
				8632100625B883010031354F /* CharacterPicker.swift */,
				86A96E3625C8944E007E0D6F /* ProgressItem.swift */,
			);
			path = CustomItems;
			sourceTree = "<group>";
		};
		86895E0F25CEA23600083745 /* NetworkManager */ = {
			isa = PBXGroup;
			children = (
				86895E1025CEA24D00083745 /* NetworkManager.swift */,
				865DB58625D51F8D003FECC7 /* VKLoginViewController.swift */,
			);
			path = NetworkManager;
			sourceTree = "<group>";
		};
		86ABD36425969182009DD4C8 /* Controller */ = {
			isa = PBXGroup;
			children = (
				863293A625910C4B0022F3A5 /* LoginVC */,
			);
			path = Controller;
			sourceTree = "<group>";
		};
		86ABD36525969199009DD4C8 /* Model */ = {
			isa = PBXGroup;
			children = (
				8633DD72259F638D0021CAC6 /* User */,
				8633DD75259F63A50021CAC6 /* Group */,
				8633DD74259F63A00021CAC6 /* News */,
				8633DD73259F63930021CAC6 /* Friends */,
			);
			path = Model;
			sourceTree = "<group>";
		};
		86ABD366259691A1009DD4C8 /* View */ = {
			isa = PBXGroup;
			children = (
				86F3BD5C25C9FF8700F02F39 /* Vc */,
				8662AC902594D87D0023EFFC /* TabBar */,
				8633DD9325A0806B0021CAC6 /* Profile */,
				86ABD36B25975E22009DD4C8 /* TableVC */,
				8668DFA2258DFA5A00A5A399 /* Main.storyboard */,
			);
			path = View;
			sourceTree = "<group>";
		};
		86ABD36B25975E22009DD4C8 /* TableVC */ = {
			isa = PBXGroup;
			children = (
				86320FF025B781130031354F /* Cell */,
				86ABD37C259771E8009DD4C8 /* GroupTableViewController.swift */,
				86ABD38525977458009DD4C8 /* AllGroupTableViewController.swift */,
				86ABD388259777B3009DD4C8 /* PhotoCollectionViewController.swift */,
				86320FFD25B78BE60031354F /* NewsTableViewController.swift */,
				8632100125B874FA0031354F /* FriendsViewController.swift */,
			);
			path = TableVC;
			sourceTree = "<group>";
		};
		86ABD38C259788FF009DD4C8 /* TableViewCell */ = {
			isa = PBXGroup;
			children = (
				86ABD39625978CEE009DD4C8 /* AllGroupTableViewCell.swift */,
				8611ABC225979016001541A0 /* GroupTableViewCell.swift */,
				8611ABC625979107001541A0 /* FriendTableViewCell.swift */,
			);
			path = TableViewCell;
			sourceTree = "<group>";
		};
		86ABD39A25978D16009DD4C8 /* CollectionViewCell */ = {
			isa = PBXGroup;
			children = (
				86ABD39B25978D4F009DD4C8 /* PhotoCollectionViewCell.swift */,
			);
			path = CollectionViewCell;
			sourceTree = "<group>";
		};
		86F3BD5C25C9FF8700F02F39 /* Vc */ = {
			isa = PBXGroup;
			children = (
				869D012225C1EB09005AEF4F /* PhotoViewController.swift */,
				86F3BD5E25CA006A00F02F39 /* RegistrationViewController.swift */,
			);
			path = Vc;
			sourceTree = "<group>";
		};
		86FDC77B25C3055500D6089B /* Utils */ = {
			isa = PBXGroup;
			children = (
				8675E5EB25AF5FEC00A8BEE8 /* CustomItems */,
				86FDC78425C3067500D6089B /* CustomView */,
				86FDC78325C3066C00D6089B /* initStruct */,
				86FDC78925C4125200D6089B /* MyInteractiveTransition.swift */,
			);
			path = Utils;
			sourceTree = "<group>";
		};
		86FDC78325C3066C00D6089B /* initStruct */ = {
			isa = PBXGroup;
			children = (
				8633DD7E259F672B0021CAC6 /* InitStruct.swift */,
			);
			path = initStruct;
			sourceTree = "<group>";
		};
		86FDC78425C3067500D6089B /* CustomView */ = {
			isa = PBXGroup;
			children = (
				86FDC77C25C3059F00D6089B /* CustomNavigationViewController.swift */,
				86FDC78025C3066200D6089B /* CustomPushAnimator.swift */,
				86FDC78625C3505F00D6089B /* CustomPopAnimator.swift */,
			);
			path = CustomView;
			sourceTree = "<group>";
		};
/* End PBXGroup section */

/* Begin PBXNativeTarget section */
		8668DF98258DFA5A00A5A399 /* VkMessenger */ = {
			isa = PBXNativeTarget;
			buildConfigurationList = 8668DFAD258DFA5C00A5A399 /* Build configuration list for PBXNativeTarget "VkMessenger" */;
			buildPhases = (
				2DE4E5300081CF568748AFFA /* [CP] Check Pods Manifest.lock */,
				8668DF95258DFA5A00A5A399 /* Sources */,
				8668DF96258DFA5A00A5A399 /* Frameworks */,
				8668DF97258DFA5A00A5A399 /* Resources */,
				0A0069CFC920DC2BD7C7D833 /* [CP] Embed Pods Frameworks */,
			);
			buildRules = (
			);
			dependencies = (
			);
			name = VkMessenger;
			productName = weather;
			productReference = 8668DF99258DFA5A00A5A399 /* VkMessenger.app */;
			productType = "com.apple.product-type.application";
		};
/* End PBXNativeTarget section */

/* Begin PBXProject section */
		8668DF91258DFA5A00A5A399 /* Project object */ = {
			isa = PBXProject;
			attributes = {
				LastSwiftUpdateCheck = 1230;
				LastUpgradeCheck = 1230;
				TargetAttributes = {
					8668DF98258DFA5A00A5A399 = {
						CreatedOnToolsVersion = 12.3;
					};
				};
			};
			buildConfigurationList = 8668DF94258DFA5A00A5A399 /* Build configuration list for PBXProject "VkMessenger" */;
			compatibilityVersion = "Xcode 9.3";
			developmentRegion = en;
			hasScannedForEncodings = 0;
			knownRegions = (
				en,
				Base,
			);
			mainGroup = 8668DF90258DFA5A00A5A399;
			productRefGroup = 8668DF9A258DFA5A00A5A399 /* Products */;
			projectDirPath = "";
			projectRoot = "";
			targets = (
				8668DF98258DFA5A00A5A399 /* VkMessenger */,
			);
		};
/* End PBXProject section */

/* Begin PBXResourcesBuildPhase section */
		8668DF97258DFA5A00A5A399 /* Resources */ = {
			isa = PBXResourcesBuildPhase;
			buildActionMask = 2147483647;
			files = (
				8668DFA9258DFA5C00A5A399 /* LaunchScreen.storyboard in Resources */,
				8668DFA6258DFA5C00A5A399 /* Assets.xcassets in Resources */,
				86320FFB25B78AE40031354F /* NewsTableViewCell.xib in Resources */,
				8668DFA4258DFA5A00A5A399 /* Main.storyboard in Resources */,
			);
			runOnlyForDeploymentPostprocessing = 0;
		};
/* End PBXResourcesBuildPhase section */

/* Begin PBXShellScriptBuildPhase section */
		0A0069CFC920DC2BD7C7D833 /* [CP] Embed Pods Frameworks */ = {
			isa = PBXShellScriptBuildPhase;
			buildActionMask = 2147483647;
			files = (
			);
			inputFileListPaths = (
				"${PODS_ROOT}/Target Support Files/Pods-VkMessenger/Pods-VkMessenger-frameworks-${CONFIGURATION}-input-files.xcfilelist",
			);
			name = "[CP] Embed Pods Frameworks";
			outputFileListPaths = (
				"${PODS_ROOT}/Target Support Files/Pods-VkMessenger/Pods-VkMessenger-frameworks-${CONFIGURATION}-output-files.xcfilelist",
			);
			runOnlyForDeploymentPostprocessing = 0;
			shellPath = /bin/sh;
			shellScript = "\"${PODS_ROOT}/Target Support Files/Pods-VkMessenger/Pods-VkMessenger-frameworks.sh\"\n";
			showEnvVarsInLog = 0;
		};
		2DE4E5300081CF568748AFFA /* [CP] Check Pods Manifest.lock */ = {
			isa = PBXShellScriptBuildPhase;
			buildActionMask = 2147483647;
			files = (
			);
			inputFileListPaths = (
			);
			inputPaths = (
				"${PODS_PODFILE_DIR_PATH}/Podfile.lock",
				"${PODS_ROOT}/Manifest.lock",
			);
			name = "[CP] Check Pods Manifest.lock";
			outputFileListPaths = (
			);
			outputPaths = (
				"$(DERIVED_FILE_DIR)/Pods-VkMessenger-checkManifestLockResult.txt",
			);
			runOnlyForDeploymentPostprocessing = 0;
			shellPath = /bin/sh;
			shellScript = "diff \"${PODS_PODFILE_DIR_PATH}/Podfile.lock\" \"${PODS_ROOT}/Manifest.lock\" > /dev/null\nif [ $? != 0 ] ; then\n    # print error to STDERR\n    echo \"error: The sandbox is not in sync with the Podfile.lock. Run 'pod install' or update your CocoaPods installation.\" >&2\n    exit 1\nfi\n# This output is used by Xcode 'outputs' to avoid re-running this script phase.\necho \"SUCCESS\" > \"${SCRIPT_OUTPUT_FILE_0}\"\n";
			showEnvVarsInLog = 0;
		};
/* End PBXShellScriptBuildPhase section */

/* Begin PBXSourcesBuildPhase section */
		8668DF95258DFA5A00A5A399 /* Sources */ = {
			isa = PBXSourcesBuildPhase;
			buildActionMask = 2147483647;
			files = (
				86ABD37D259771E8009DD4C8 /* GroupTableViewController.swift in Sources */,
				8633DD9125A074A70021CAC6 /* ProfileViewController.swift in Sources */,
				8633DD7B259F647D0021CAC6 /* News.swift in Sources */,
				8627F36225BB2C360022D87E /* LoadViewController.swift in Sources */,
				8662AC8C2594D8140023EFFC /* TabBarViewController.swift in Sources */,
				865DB58725D51F8D003FECC7 /* VKLoginViewController.swift in Sources */,
				86FDC78125C3066200D6089B /* CustomPushAnimator.swift in Sources */,
				8668DFA1258DFA5A00A5A399 /* LoginViewController.swift in Sources */,
				86ABD38625977458009DD4C8 /* AllGroupTableViewController.swift in Sources */,
				86ABD389259777B3009DD4C8 /* PhotoCollectionViewController.swift in Sources */,
				8611ABC325979016001541A0 /* GroupTableViewCell.swift in Sources */,
				86F3BD5F25CA006A00F02F39 /* RegistrationViewController.swift in Sources */,
				86F48DF425A79BB900268CC1 /* LikeView.swift in Sources */,
				86C38DF025A650EC0092B7AE /* CustomImageView.swift in Sources */,
				8668DF9D258DFA5A00A5A399 /* AppDelegate.swift in Sources */,
				86A96E3725C8944E007E0D6F /* ProgressItem.swift in Sources */,
				86FDC78A25C4125300D6089B /* MyInteractiveTransition.swift in Sources */,
				86320FFA25B78AE40031354F /* NewsTableViewCell.swift in Sources */,
				86ABD37125975E4E009DD4C8 /* Group.swift in Sources */,
				86ABD36E25975E45009DD4C8 /* User.swift in Sources */,
				86320FFE25B78BE60031354F /* NewsTableViewController.swift in Sources */,
				86FDC78725C3505F00D6089B /* CustomPopAnimator.swift in Sources */,
				8632100225B874FB0031354F /* FriendsViewController.swift in Sources */,
				86ABD39C25978D4F009DD4C8 /* PhotoCollectionViewCell.swift in Sources */,
				8668DF9F258DFA5A00A5A399 /* SceneDelegate.swift in Sources */,
				8633DD7F259F672B0021CAC6 /* InitStruct.swift in Sources */,
				8632100725B883010031354F /* CharacterPicker.swift in Sources */,
				8675E5E825AF5F3800A8BEE8 /* FriendsPicker.swift in Sources */,
				8633DD77259F64650021CAC6 /* Friend.swift in Sources */,
				86ABD39725978CEE009DD4C8 /* AllGroupTableViewCell.swift in Sources */,
				86895E1125CEA24D00083745 /* NetworkManager.swift in Sources */,
				8611ABC725979107001541A0 /* FriendTableViewCell.swift in Sources */,
				86FDC77D25C3059F00D6089B /* CustomNavigationViewController.swift in Sources */,
				869D012325C1EB0A005AEF4F /* PhotoViewController.swift in Sources */,
			);
			runOnlyForDeploymentPostprocessing = 0;
		};
/* End PBXSourcesBuildPhase section */

/* Begin PBXVariantGroup section */
		8668DFA2258DFA5A00A5A399 /* Main.storyboard */ = {
			isa = PBXVariantGroup;
			children = (
				8668DFA3258DFA5A00A5A399 /* Base */,
			);
			name = Main.storyboard;
			sourceTree = "<group>";
		};
		8668DFA7258DFA5C00A5A399 /* LaunchScreen.storyboard */ = {
			isa = PBXVariantGroup;
			children = (
				8668DFA8258DFA5C00A5A399 /* Base */,
			);
			name = LaunchScreen.storyboard;
			sourceTree = "<group>";
		};
/* End PBXVariantGroup section */

/* Begin XCBuildConfiguration section */
		8668DFAB258DFA5C00A5A399 /* Debug */ = {
			isa = XCBuildConfiguration;
			buildSettings = {
				ALWAYS_SEARCH_USER_PATHS = NO;
				CLANG_ANALYZER_NONNULL = YES;
				CLANG_ANALYZER_NUMBER_OBJECT_CONVERSION = YES_AGGRESSIVE;
				CLANG_CXX_LANGUAGE_STANDARD = "gnu++14";
				CLANG_CXX_LIBRARY = "libc++";
				CLANG_ENABLE_MODULES = YES;
				CLANG_ENABLE_OBJC_ARC = YES;
				CLANG_ENABLE_OBJC_WEAK = YES;
				CLANG_WARN_BLOCK_CAPTURE_AUTORELEASING = YES;
				CLANG_WARN_BOOL_CONVERSION = YES;
				CLANG_WARN_COMMA = YES;
				CLANG_WARN_CONSTANT_CONVERSION = YES;
				CLANG_WARN_DEPRECATED_OBJC_IMPLEMENTATIONS = YES;
				CLANG_WARN_DIRECT_OBJC_ISA_USAGE = YES_ERROR;
				CLANG_WARN_DOCUMENTATION_COMMENTS = YES;
				CLANG_WARN_EMPTY_BODY = YES;
				CLANG_WARN_ENUM_CONVERSION = YES;
				CLANG_WARN_INFINITE_RECURSION = YES;
				CLANG_WARN_INT_CONVERSION = YES;
				CLANG_WARN_NON_LITERAL_NULL_CONVERSION = YES;
				CLANG_WARN_OBJC_IMPLICIT_RETAIN_SELF = YES;
				CLANG_WARN_OBJC_LITERAL_CONVERSION = YES;
				CLANG_WARN_OBJC_ROOT_CLASS = YES_ERROR;
				CLANG_WARN_QUOTED_INCLUDE_IN_FRAMEWORK_HEADER = YES;
				CLANG_WARN_RANGE_LOOP_ANALYSIS = YES;
				CLANG_WARN_STRICT_PROTOTYPES = YES;
				CLANG_WARN_SUSPICIOUS_MOVE = YES;
				CLANG_WARN_UNGUARDED_AVAILABILITY = YES_AGGRESSIVE;
				CLANG_WARN_UNREACHABLE_CODE = YES;
				CLANG_WARN__DUPLICATE_METHOD_MATCH = YES;
				COPY_PHASE_STRIP = NO;
				DEBUG_INFORMATION_FORMAT = dwarf;
				ENABLE_STRICT_OBJC_MSGSEND = YES;
				ENABLE_TESTABILITY = YES;
				GCC_C_LANGUAGE_STANDARD = gnu11;
				GCC_DYNAMIC_NO_PIC = NO;
				GCC_NO_COMMON_BLOCKS = YES;
				GCC_OPTIMIZATION_LEVEL = 0;
				GCC_PREPROCESSOR_DEFINITIONS = (
					"DEBUG=1",
					"$(inherited)",
				);
				GCC_WARN_64_TO_32_BIT_CONVERSION = YES;
				GCC_WARN_ABOUT_RETURN_TYPE = YES_ERROR;
				GCC_WARN_UNDECLARED_SELECTOR = YES;
				GCC_WARN_UNINITIALIZED_AUTOS = YES_AGGRESSIVE;
				GCC_WARN_UNUSED_FUNCTION = YES;
				GCC_WARN_UNUSED_VARIABLE = YES;
				IPHONEOS_DEPLOYMENT_TARGET = 14.3;
				MTL_ENABLE_DEBUG_INFO = INCLUDE_SOURCE;
				MTL_FAST_MATH = YES;
				ONLY_ACTIVE_ARCH = YES;
				SDKROOT = iphoneos;
				SWIFT_ACTIVE_COMPILATION_CONDITIONS = DEBUG;
				SWIFT_OPTIMIZATION_LEVEL = "-Onone";
			};
			name = Debug;
		};
		8668DFAC258DFA5C00A5A399 /* Release */ = {
			isa = XCBuildConfiguration;
			buildSettings = {
				ALWAYS_SEARCH_USER_PATHS = NO;
				CLANG_ANALYZER_NONNULL = YES;
				CLANG_ANALYZER_NUMBER_OBJECT_CONVERSION = YES_AGGRESSIVE;
				CLANG_CXX_LANGUAGE_STANDARD = "gnu++14";
				CLANG_CXX_LIBRARY = "libc++";
				CLANG_ENABLE_MODULES = YES;
				CLANG_ENABLE_OBJC_ARC = YES;
				CLANG_ENABLE_OBJC_WEAK = YES;
				CLANG_WARN_BLOCK_CAPTURE_AUTORELEASING = YES;
				CLANG_WARN_BOOL_CONVERSION = YES;
				CLANG_WARN_COMMA = YES;
				CLANG_WARN_CONSTANT_CONVERSION = YES;
				CLANG_WARN_DEPRECATED_OBJC_IMPLEMENTATIONS = YES;
				CLANG_WARN_DIRECT_OBJC_ISA_USAGE = YES_ERROR;
				CLANG_WARN_DOCUMENTATION_COMMENTS = YES;
				CLANG_WARN_EMPTY_BODY = YES;
				CLANG_WARN_ENUM_CONVERSION = YES;
				CLANG_WARN_INFINITE_RECURSION = YES;
				CLANG_WARN_INT_CONVERSION = YES;
				CLANG_WARN_NON_LITERAL_NULL_CONVERSION = YES;
				CLANG_WARN_OBJC_IMPLICIT_RETAIN_SELF = YES;
				CLANG_WARN_OBJC_LITERAL_CONVERSION = YES;
				CLANG_WARN_OBJC_ROOT_CLASS = YES_ERROR;
				CLANG_WARN_QUOTED_INCLUDE_IN_FRAMEWORK_HEADER = YES;
				CLANG_WARN_RANGE_LOOP_ANALYSIS = YES;
				CLANG_WARN_STRICT_PROTOTYPES = YES;
				CLANG_WARN_SUSPICIOUS_MOVE = YES;
				CLANG_WARN_UNGUARDED_AVAILABILITY = YES_AGGRESSIVE;
				CLANG_WARN_UNREACHABLE_CODE = YES;
				CLANG_WARN__DUPLICATE_METHOD_MATCH = YES;
				COPY_PHASE_STRIP = NO;
				DEBUG_INFORMATION_FORMAT = "dwarf-with-dsym";
				ENABLE_NS_ASSERTIONS = NO;
				ENABLE_STRICT_OBJC_MSGSEND = YES;
				GCC_C_LANGUAGE_STANDARD = gnu11;
				GCC_NO_COMMON_BLOCKS = YES;
				GCC_WARN_64_TO_32_BIT_CONVERSION = YES;
				GCC_WARN_ABOUT_RETURN_TYPE = YES_ERROR;
				GCC_WARN_UNDECLARED_SELECTOR = YES;
				GCC_WARN_UNINITIALIZED_AUTOS = YES_AGGRESSIVE;
				GCC_WARN_UNUSED_FUNCTION = YES;
				GCC_WARN_UNUSED_VARIABLE = YES;
				IPHONEOS_DEPLOYMENT_TARGET = 14.3;
				MTL_ENABLE_DEBUG_INFO = NO;
				MTL_FAST_MATH = YES;
				SDKROOT = iphoneos;
				SWIFT_COMPILATION_MODE = wholemodule;
				SWIFT_OPTIMIZATION_LEVEL = "-O";
				VALIDATE_PRODUCT = YES;
			};
			name = Release;
		};
		8668DFAE258DFA5C00A5A399 /* Debug */ = {
			isa = XCBuildConfiguration;
			baseConfigurationReference = 2093E6AB30EDB9CBD8A31D56 /* Pods-VkMessenger.debug.xcconfig */;
			buildSettings = {
				ASSETCATALOG_COMPILER_APPICON_NAME = AppIcon;
				ASSETCATALOG_COMPILER_GLOBAL_ACCENT_COLOR_NAME = AccentColor;
				CODE_SIGN_STYLE = Automatic;
				DEVELOPMENT_TEAM = 9AGMRUUR65;
				INFOPLIST_FILE = VkMessenger/Info.plist;
				LD_RUNPATH_SEARCH_PATHS = (
					"$(inherited)",
					"@executable_path/Frameworks",
				);
				PRODUCT_BUNDLE_IDENTIFIER = astra.vk;
				PRODUCT_NAME = "$(TARGET_NAME)";
				SWIFT_VERSION = 5.0;
				TARGETED_DEVICE_FAMILY = "1,2";
			};
			name = Debug;
		};
		8668DFAF258DFA5C00A5A399 /* Release */ = {
			isa = XCBuildConfiguration;
			baseConfigurationReference = A1E3DFBAFB89C2BA41067582 /* Pods-VkMessenger.release.xcconfig */;
			buildSettings = {
				ASSETCATALOG_COMPILER_APPICON_NAME = AppIcon;
				ASSETCATALOG_COMPILER_GLOBAL_ACCENT_COLOR_NAME = AccentColor;
				CODE_SIGN_STYLE = Automatic;
				DEVELOPMENT_TEAM = 9AGMRUUR65;
				INFOPLIST_FILE = VkMessenger/Info.plist;
				LD_RUNPATH_SEARCH_PATHS = (
					"$(inherited)",
					"@executable_path/Frameworks",
				);
				PRODUCT_BUNDLE_IDENTIFIER = astra.vk;
				PRODUCT_NAME = "$(TARGET_NAME)";
				SWIFT_VERSION = 5.0;
				TARGETED_DEVICE_FAMILY = "1,2";
			};
			name = Release;
		};
/* End XCBuildConfiguration section */

/* Begin XCConfigurationList section */
		8668DF94258DFA5A00A5A399 /* Build configuration list for PBXProject "VkMessenger" */ = {
			isa = XCConfigurationList;
			buildConfigurations = (
				8668DFAB258DFA5C00A5A399 /* Debug */,
				8668DFAC258DFA5C00A5A399 /* Release */,
			);
			defaultConfigurationIsVisible = 0;
			defaultConfigurationName = Release;
		};
		8668DFAD258DFA5C00A5A399 /* Build configuration list for PBXNativeTarget "VkMessenger" */ = {
			isa = XCConfigurationList;
			buildConfigurations = (
				8668DFAE258DFA5C00A5A399 /* Debug */,
				8668DFAF258DFA5C00A5A399 /* Release */,
			);
			defaultConfigurationIsVisible = 0;
			defaultConfigurationName = Release;
		};
/* End XCConfigurationList section */
	};
	rootObject = 8668DF91258DFA5A00A5A399 /* Project object */;
}
