// !$*UTF8*$!
{
	archiveVersion = 1;
	classes = {
	};
	objectVersion = 50;
	objects = {

/* Begin PBXBuildFile section */
		8611ABC325979016001541A0 /* GroupTableViewCell.swift in Sources */ = {isa = PBXBuildFile; fileRef = 8611ABC225979016001541A0 /* GroupTableViewCell.swift */; };
		8611ABC725979107001541A0 /* FriendTableViewCell.swift in Sources */ = {isa = PBXBuildFile; fileRef = 8611ABC625979107001541A0 /* FriendTableViewCell.swift */; };
		8662AC8C2594D8140023EFFC /* TabBarViewController.swift in Sources */ = {isa = PBXBuildFile; fileRef = 8662AC8B2594D8140023EFFC /* TabBarViewController.swift */; };
		8668DF9D258DFA5A00A5A399 /* AppDelegate.swift in Sources */ = {isa = PBXBuildFile; fileRef = 8668DF9C258DFA5A00A5A399 /* AppDelegate.swift */; };
		8668DF9F258DFA5A00A5A399 /* SceneDelegate.swift in Sources */ = {isa = PBXBuildFile; fileRef = 8668DF9E258DFA5A00A5A399 /* SceneDelegate.swift */; };
		8668DFA1258DFA5A00A5A399 /* LoginViewController.swift in Sources */ = {isa = PBXBuildFile; fileRef = 8668DFA0258DFA5A00A5A399 /* LoginViewController.swift */; };
		8668DFA4258DFA5A00A5A399 /* Main.storyboard in Resources */ = {isa = PBXBuildFile; fileRef = 8668DFA2258DFA5A00A5A399 /* Main.storyboard */; };
		8668DFA6258DFA5C00A5A399 /* Assets.xcassets in Resources */ = {isa = PBXBuildFile; fileRef = 8668DFA5258DFA5C00A5A399 /* Assets.xcassets */; };
		8668DFA9258DFA5C00A5A399 /* LaunchScreen.storyboard in Resources */ = {isa = PBXBuildFile; fileRef = 8668DFA7258DFA5C00A5A399 /* LaunchScreen.storyboard */; };
		86ABD36E25975E45009DD4C8 /* User.swift in Sources */ = {isa = PBXBuildFile; fileRef = 86ABD36D25975E45009DD4C8 /* User.swift */; };
		86ABD37125975E4E009DD4C8 /* Group.swift in Sources */ = {isa = PBXBuildFile; fileRef = 86ABD37025975E4E009DD4C8 /* Group.swift */; };
		86ABD37D259771E8009DD4C8 /* GroupTableViewController.swift in Sources */ = {isa = PBXBuildFile; fileRef = 86ABD37C259771E8009DD4C8 /* GroupTableViewController.swift */; };
		86ABD380259772CA009DD4C8 /* FriendTableViewController.swift in Sources */ = {isa = PBXBuildFile; fileRef = 86ABD37F259772CA009DD4C8 /* FriendTableViewController.swift */; };
		86ABD38625977458009DD4C8 /* AllGroupTableViewController.swift in Sources */ = {isa = PBXBuildFile; fileRef = 86ABD38525977458009DD4C8 /* AllGroupTableViewController.swift */; };
		86ABD389259777B3009DD4C8 /* PhotoCollectionViewController.swift in Sources */ = {isa = PBXBuildFile; fileRef = 86ABD388259777B3009DD4C8 /* PhotoCollectionViewController.swift */; };
		86ABD39725978CEE009DD4C8 /* AllGroupTableViewCell.swift in Sources */ = {isa = PBXBuildFile; fileRef = 86ABD39625978CEE009DD4C8 /* AllGroupTableViewCell.swift */; };
		86ABD39C25978D4F009DD4C8 /* PhotoCollectionViewCell.swift in Sources */ = {isa = PBXBuildFile; fileRef = 86ABD39B25978D4F009DD4C8 /* PhotoCollectionViewCell.swift */; };
/* End PBXBuildFile section */

/* Begin PBXFileReference section */
		8611ABC225979016001541A0 /* GroupTableViewCell.swift */ = {isa = PBXFileReference; lastKnownFileType = sourcecode.swift; path = GroupTableViewCell.swift; sourceTree = "<group>"; };
		8611ABC625979107001541A0 /* FriendTableViewCell.swift */ = {isa = PBXFileReference; lastKnownFileType = sourcecode.swift; path = FriendTableViewCell.swift; sourceTree = "<group>"; };
		8662AC8B2594D8140023EFFC /* TabBarViewController.swift */ = {isa = PBXFileReference; lastKnownFileType = sourcecode.swift; path = TabBarViewController.swift; sourceTree = "<group>"; };
		8668DF99258DFA5A00A5A399 /* VkMessenger.app */ = {isa = PBXFileReference; explicitFileType = wrapper.application; includeInIndex = 0; path = VkMessenger.app; sourceTree = BUILT_PRODUCTS_DIR; };
		8668DF9C258DFA5A00A5A399 /* AppDelegate.swift */ = {isa = PBXFileReference; lastKnownFileType = sourcecode.swift; path = AppDelegate.swift; sourceTree = "<group>"; };
		8668DF9E258DFA5A00A5A399 /* SceneDelegate.swift */ = {isa = PBXFileReference; lastKnownFileType = sourcecode.swift; path = SceneDelegate.swift; sourceTree = "<group>"; };
		8668DFA0258DFA5A00A5A399 /* LoginViewController.swift */ = {isa = PBXFileReference; lastKnownFileType = sourcecode.swift; path = LoginViewController.swift; sourceTree = "<group>"; };
		8668DFA3258DFA5A00A5A399 /* Base */ = {isa = PBXFileReference; lastKnownFileType = file.storyboard; name = Base; path = Base.lproj/Main.storyboard; sourceTree = "<group>"; };
		8668DFA5258DFA5C00A5A399 /* Assets.xcassets */ = {isa = PBXFileReference; lastKnownFileType = folder.assetcatalog; path = Assets.xcassets; sourceTree = "<group>"; };
		8668DFA8258DFA5C00A5A399 /* Base */ = {isa = PBXFileReference; lastKnownFileType = file.storyboard; name = Base; path = Base.lproj/LaunchScreen.storyboard; sourceTree = "<group>"; };
		8668DFAA258DFA5C00A5A399 /* Info.plist */ = {isa = PBXFileReference; lastKnownFileType = text.plist.xml; path = Info.plist; sourceTree = "<group>"; };
		86ABD36D25975E45009DD4C8 /* User.swift */ = {isa = PBXFileReference; lastKnownFileType = sourcecode.swift; path = User.swift; sourceTree = "<group>"; };
		86ABD37025975E4E009DD4C8 /* Group.swift */ = {isa = PBXFileReference; lastKnownFileType = sourcecode.swift; path = Group.swift; sourceTree = "<group>"; };
		86ABD37C259771E8009DD4C8 /* GroupTableViewController.swift */ = {isa = PBXFileReference; lastKnownFileType = sourcecode.swift; path = GroupTableViewController.swift; sourceTree = "<group>"; };
		86ABD37F259772CA009DD4C8 /* FriendTableViewController.swift */ = {isa = PBXFileReference; lastKnownFileType = sourcecode.swift; path = FriendTableViewController.swift; sourceTree = "<group>"; };
		86ABD38525977458009DD4C8 /* AllGroupTableViewController.swift */ = {isa = PBXFileReference; lastKnownFileType = sourcecode.swift; path = AllGroupTableViewController.swift; sourceTree = "<group>"; };
		86ABD388259777B3009DD4C8 /* PhotoCollectionViewController.swift */ = {isa = PBXFileReference; lastKnownFileType = sourcecode.swift; path = PhotoCollectionViewController.swift; sourceTree = "<group>"; };
		86ABD39625978CEE009DD4C8 /* AllGroupTableViewCell.swift */ = {isa = PBXFileReference; lastKnownFileType = sourcecode.swift; path = AllGroupTableViewCell.swift; sourceTree = "<group>"; };
		86ABD39B25978D4F009DD4C8 /* PhotoCollectionViewCell.swift */ = {isa = PBXFileReference; lastKnownFileType = sourcecode.swift; path = PhotoCollectionViewCell.swift; sourceTree = "<group>"; };
/* End PBXFileReference section */

/* Begin PBXFrameworksBuildPhase section */
		8668DF96258DFA5A00A5A399 /* Frameworks */ = {
			isa = PBXFrameworksBuildPhase;
			buildActionMask = 2147483647;
			files = (
			);
			runOnlyForDeploymentPostprocessing = 0;
		};
/* End PBXFrameworksBuildPhase section */

/* Begin PBXGroup section */
		863293A625910C4B0022F3A5 /* LoginVC */ = {
			isa = PBXGroup;
			children = (
				8668DFA0258DFA5A00A5A399 /* LoginViewController.swift */,
			);
			path = LoginVC;
			sourceTree = "<group>";
		};
		8662AC902594D87D0023EFFC /* TabBar */ = {
			isa = PBXGroup;
			children = (
				8662AC8B2594D8140023EFFC /* TabBarViewController.swift */,
			);
			path = TabBar;
			sourceTree = "<group>";
		};
		8662AC912594D8900023EFFC /* DelegateFiles */ = {
			isa = PBXGroup;
			children = (
				8668DF9C258DFA5A00A5A399 /* AppDelegate.swift */,
				8668DF9E258DFA5A00A5A399 /* SceneDelegate.swift */,
			);
			path = DelegateFiles;
			sourceTree = "<group>";
		};
		8668DF90258DFA5A00A5A399 = {
			isa = PBXGroup;
			children = (
				8668DF9B258DFA5A00A5A399 /* VkMessenger */,
				8668DF9A258DFA5A00A5A399 /* Products */,
			);
			sourceTree = "<group>";
		};
		8668DF9A258DFA5A00A5A399 /* Products */ = {
			isa = PBXGroup;
			children = (
				8668DF99258DFA5A00A5A399 /* VkMessenger.app */,
			);
			name = Products;
			sourceTree = "<group>";
		};
		8668DF9B258DFA5A00A5A399 /* VkMessenger */ = {
			isa = PBXGroup;
			children = (
				8662AC912594D8900023EFFC /* DelegateFiles */,
				86ABD366259691A1009DD4C8 /* View */,
				86ABD36525969199009DD4C8 /* Model */,
				86ABD36425969182009DD4C8 /* Controller */,
				8662AC902594D87D0023EFFC /* TabBar */,
				8668DFA5258DFA5C00A5A399 /* Assets.xcassets */,
				8668DFA7258DFA5C00A5A399 /* LaunchScreen.storyboard */,
				8668DFAA258DFA5C00A5A399 /* Info.plist */,
			);
			path = VkMessenger;
			sourceTree = "<group>";
		};
		86ABD36425969182009DD4C8 /* Controller */ = {
			isa = PBXGroup;
			children = (
				86ABD36B25975E22009DD4C8 /* TableVC */,
				863293A625910C4B0022F3A5 /* LoginVC */,
			);
			path = Controller;
			sourceTree = "<group>";
		};
		86ABD36525969199009DD4C8 /* Model */ = {
			isa = PBXGroup;
			children = (
				86ABD36D25975E45009DD4C8 /* User.swift */,
				86ABD37025975E4E009DD4C8 /* Group.swift */,
			);
			path = Model;
			sourceTree = "<group>";
		};
		86ABD366259691A1009DD4C8 /* View */ = {
			isa = PBXGroup;
			children = (
				8668DFA2258DFA5A00A5A399 /* Main.storyboard */,
			);
			path = View;
			sourceTree = "<group>";
		};
		86ABD36B25975E22009DD4C8 /* TableVC */ = {
			isa = PBXGroup;
			children = (
				86ABD39A25978D16009DD4C8 /* CollectionViewCell */,
				86ABD38C259788FF009DD4C8 /* TableViewCell */,
				86ABD37C259771E8009DD4C8 /* GroupTableViewController.swift */,
				86ABD37F259772CA009DD4C8 /* FriendTableViewController.swift */,
				86ABD38525977458009DD4C8 /* AllGroupTableViewController.swift */,
				86ABD388259777B3009DD4C8 /* PhotoCollectionViewController.swift */,
			);
			path = TableVC;
			sourceTree = "<group>";
		};
		86ABD38C259788FF009DD4C8 /* TableViewCell */ = {
			isa = PBXGroup;
			children = (
				86ABD39625978CEE009DD4C8 /* AllGroupTableViewCell.swift */,
				8611ABC225979016001541A0 /* GroupTableViewCell.swift */,
				8611ABC625979107001541A0 /* FriendTableViewCell.swift */,
			);
			path = TableViewCell;
			sourceTree = "<group>";
		};
		86ABD39A25978D16009DD4C8 /* CollectionViewCell */ = {
			isa = PBXGroup;
			children = (
				86ABD39B25978D4F009DD4C8 /* PhotoCollectionViewCell.swift */,
			);
			path = CollectionViewCell;
			sourceTree = "<group>";
		};
/* End PBXGroup section */

/* Begin PBXNativeTarget section */
		8668DF98258DFA5A00A5A399 /* VkMessenger */ = {
			isa = PBXNativeTarget;
			buildConfigurationList = 8668DFAD258DFA5C00A5A399 /* Build configuration list for PBXNativeTarget "VkMessenger" */;
			buildPhases = (
				8668DF95258DFA5A00A5A399 /* Sources */,
				8668DF96258DFA5A00A5A399 /* Frameworks */,
				8668DF97258DFA5A00A5A399 /* Resources */,
			);
			buildRules = (
			);
			dependencies = (
			);
			name = VkMessenger;
			productName = weather;
			productReference = 8668DF99258DFA5A00A5A399 /* VkMessenger.app */;
			productType = "com.apple.product-type.application";
		};
/* End PBXNativeTarget section */

/* Begin PBXProject section */
		8668DF91258DFA5A00A5A399 /* Project object */ = {
			isa = PBXProject;
			attributes = {
				LastSwiftUpdateCheck = 1230;
				LastUpgradeCheck = 1230;
				TargetAttributes = {
					8668DF98258DFA5A00A5A399 = {
						CreatedOnToolsVersion = 12.3;
					};
				};
			};
			buildConfigurationList = 8668DF94258DFA5A00A5A399 /* Build configuration list for PBXProject "VkMessenger" */;
			compatibilityVersion = "Xcode 9.3";
			developmentRegion = en;
			hasScannedForEncodings = 0;
			knownRegions = (
				en,
				Base,
			);
			mainGroup = 8668DF90258DFA5A00A5A399;
			productRefGroup = 8668DF9A258DFA5A00A5A399 /* Products */;
			projectDirPath = "";
			projectRoot = "";
			targets = (
				8668DF98258DFA5A00A5A399 /* VkMessenger */,
			);
		};
/* End PBXProject section */

/* Begin PBXResourcesBuildPhase section */
		8668DF97258DFA5A00A5A399 /* Resources */ = {
			isa = PBXResourcesBuildPhase;
			buildActionMask = 2147483647;
			files = (
				8668DFA9258DFA5C00A5A399 /* LaunchScreen.storyboard in Resources */,
				8668DFA6258DFA5C00A5A399 /* Assets.xcassets in Resources */,
				8668DFA4258DFA5A00A5A399 /* Main.storyboard in Resources */,
			);
			runOnlyForDeploymentPostprocessing = 0;
		};
/* End PBXResourcesBuildPhase section */

/* Begin PBXSourcesBuildPhase section */
		8668DF95258DFA5A00A5A399 /* Sources */ = {
			isa = PBXSourcesBuildPhase;
			buildActionMask = 2147483647;
			files = (
				86ABD37D259771E8009DD4C8 /* GroupTableViewController.swift in Sources */,
				86ABD380259772CA009DD4C8 /* FriendTableViewController.swift in Sources */,
				8662AC8C2594D8140023EFFC /* TabBarViewController.swift in Sources */,
				8668DFA1258DFA5A00A5A399 /* LoginViewController.swift in Sources */,
				86ABD38625977458009DD4C8 /* AllGroupTableViewController.swift in Sources */,
				86ABD389259777B3009DD4C8 /* PhotoCollectionViewController.swift in Sources */,
				8611ABC325979016001541A0 /* GroupTableViewCell.swift in Sources */,
				8668DF9D258DFA5A00A5A399 /* AppDelegate.swift in Sources */,
				86ABD37125975E4E009DD4C8 /* Group.swift in Sources */,
				86ABD36E25975E45009DD4C8 /* User.swift in Sources */,
				86ABD39C25978D4F009DD4C8 /* PhotoCollectionViewCell.swift in Sources */,
				8668DF9F258DFA5A00A5A399 /* SceneDelegate.swift in Sources */,
				86ABD39725978CEE009DD4C8 /* AllGroupTableViewCell.swift in Sources */,
				8611ABC725979107001541A0 /* FriendTableViewCell.swift in Sources */,
			);
			runOnlyForDeploymentPostprocessing = 0;
		};
/* End PBXSourcesBuildPhase section */

/* Begin PBXVariantGroup section */
		8668DFA2258DFA5A00A5A399 /* Main.storyboard */ = {
			isa = PBXVariantGroup;
			children = (
				8668DFA3258DFA5A00A5A399 /* Base */,
			);
			name = Main.storyboard;
			sourceTree = "<group>";
		};
		8668DFA7258DFA5C00A5A399 /* LaunchScreen.storyboard */ = {
			isa = PBXVariantGroup;
			children = (
				8668DFA8258DFA5C00A5A399 /* Base */,
			);
			name = LaunchScreen.storyboard;
			sourceTree = "<group>";
		};
/* End PBXVariantGroup section */

/* Begin XCBuildConfiguration section */
		8668DFAB258DFA5C00A5A399 /* Debug */ = {
			isa = XCBuildConfiguration;
			buildSettings = {
				ALWAYS_SEARCH_USER_PATHS = NO;
				CLANG_ANALYZER_NONNULL = YES;
				CLANG_ANALYZER_NUMBER_OBJECT_CONVERSION = YES_AGGRESSIVE;
				CLANG_CXX_LANGUAGE_STANDARD = "gnu++14";
				CLANG_CXX_LIBRARY = "libc++";
				CLANG_ENABLE_MODULES = YES;
				CLANG_ENABLE_OBJC_ARC = YES;
				CLANG_ENABLE_OBJC_WEAK = YES;
				CLANG_WARN_BLOCK_CAPTURE_AUTORELEASING = YES;
				CLANG_WARN_BOOL_CONVERSION = YES;
				CLANG_WARN_COMMA = YES;
				CLANG_WARN_CONSTANT_CONVERSION = YES;
				CLANG_WARN_DEPRECATED_OBJC_IMPLEMENTATIONS = YES;
				CLANG_WARN_DIRECT_OBJC_ISA_USAGE = YES_ERROR;
				CLANG_WARN_DOCUMENTATION_COMMENTS = YES;
				CLANG_WARN_EMPTY_BODY = YES;
				CLANG_WARN_ENUM_CONVERSION = YES;
				CLANG_WARN_INFINITE_RECURSION = YES;
				CLANG_WARN_INT_CONVERSION = YES;
				CLANG_WARN_NON_LITERAL_NULL_CONVERSION = YES;
				CLANG_WARN_OBJC_IMPLICIT_RETAIN_SELF = YES;
				CLANG_WARN_OBJC_LITERAL_CONVERSION = YES;
				CLANG_WARN_OBJC_ROOT_CLASS = YES_ERROR;
				CLANG_WARN_QUOTED_INCLUDE_IN_FRAMEWORK_HEADER = YES;
				CLANG_WARN_RANGE_LOOP_ANALYSIS = YES;
				CLANG_WARN_STRICT_PROTOTYPES = YES;
				CLANG_WARN_SUSPICIOUS_MOVE = YES;
				CLANG_WARN_UNGUARDED_AVAILABILITY = YES_AGGRESSIVE;
				CLANG_WARN_UNREACHABLE_CODE = YES;
				CLANG_WARN__DUPLICATE_METHOD_MATCH = YES;
				COPY_PHASE_STRIP = NO;
				DEBUG_INFORMATION_FORMAT = dwarf;
				ENABLE_STRICT_OBJC_MSGSEND = YES;
				ENABLE_TESTABILITY = YES;
				GCC_C_LANGUAGE_STANDARD = gnu11;
				GCC_DYNAMIC_NO_PIC = NO;
				GCC_NO_COMMON_BLOCKS = YES;
				GCC_OPTIMIZATION_LEVEL = 0;
				GCC_PREPROCESSOR_DEFINITIONS = (
					"DEBUG=1",
					"$(inherited)",
				);
				GCC_WARN_64_TO_32_BIT_CONVERSION = YES;
				GCC_WARN_ABOUT_RETURN_TYPE = YES_ERROR;
				GCC_WARN_UNDECLARED_SELECTOR = YES;
				GCC_WARN_UNINITIALIZED_AUTOS = YES_AGGRESSIVE;
				GCC_WARN_UNUSED_FUNCTION = YES;
				GCC_WARN_UNUSED_VARIABLE = YES;
				IPHONEOS_DEPLOYMENT_TARGET = 14.3;
				MTL_ENABLE_DEBUG_INFO = INCLUDE_SOURCE;
				MTL_FAST_MATH = YES;
				ONLY_ACTIVE_ARCH = YES;
				SDKROOT = iphoneos;
				SWIFT_ACTIVE_COMPILATION_CONDITIONS = DEBUG;
				SWIFT_OPTIMIZATION_LEVEL = "-Onone";
			};
			name = Debug;
		};
		8668DFAC258DFA5C00A5A399 /* Release */ = {
			isa = XCBuildConfiguration;
			buildSettings = {
				ALWAYS_SEARCH_USER_PATHS = NO;
				CLANG_ANALYZER_NONNULL = YES;
				CLANG_ANALYZER_NUMBER_OBJECT_CONVERSION = YES_AGGRESSIVE;
				CLANG_CXX_LANGUAGE_STANDARD = "gnu++14";
				CLANG_CXX_LIBRARY = "libc++";
				CLANG_ENABLE_MODULES = YES;
				CLANG_ENABLE_OBJC_ARC = YES;
				CLANG_ENABLE_OBJC_WEAK = YES;
				CLANG_WARN_BLOCK_CAPTURE_AUTORELEASING = YES;
				CLANG_WARN_BOOL_CONVERSION = YES;
				CLANG_WARN_COMMA = YES;
				CLANG_WARN_CONSTANT_CONVERSION = YES;
				CLANG_WARN_DEPRECATED_OBJC_IMPLEMENTATIONS = YES;
				CLANG_WARN_DIRECT_OBJC_ISA_USAGE = YES_ERROR;
				CLANG_WARN_DOCUMENTATION_COMMENTS = YES;
				CLANG_WARN_EMPTY_BODY = YES;
				CLANG_WARN_ENUM_CONVERSION = YES;
				CLANG_WARN_INFINITE_RECURSION = YES;
				CLANG_WARN_INT_CONVERSION = YES;
				CLANG_WARN_NON_LITERAL_NULL_CONVERSION = YES;
				CLANG_WARN_OBJC_IMPLICIT_RETAIN_SELF = YES;
				CLANG_WARN_OBJC_LITERAL_CONVERSION = YES;
				CLANG_WARN_OBJC_ROOT_CLASS = YES_ERROR;
				CLANG_WARN_QUOTED_INCLUDE_IN_FRAMEWORK_HEADER = YES;
				CLANG_WARN_RANGE_LOOP_ANALYSIS = YES;
				CLANG_WARN_STRICT_PROTOTYPES = YES;
				CLANG_WARN_SUSPICIOUS_MOVE = YES;
				CLANG_WARN_UNGUARDED_AVAILABILITY = YES_AGGRESSIVE;
				CLANG_WARN_UNREACHABLE_CODE = YES;
				CLANG_WARN__DUPLICATE_METHOD_MATCH = YES;
				COPY_PHASE_STRIP = NO;
				DEBUG_INFORMATION_FORMAT = "dwarf-with-dsym";
				ENABLE_NS_ASSERTIONS = NO;
				ENABLE_STRICT_OBJC_MSGSEND = YES;
				GCC_C_LANGUAGE_STANDARD = gnu11;
				GCC_NO_COMMON_BLOCKS = YES;
				GCC_WARN_64_TO_32_BIT_CONVERSION = YES;
				GCC_WARN_ABOUT_RETURN_TYPE = YES_ERROR;
				GCC_WARN_UNDECLARED_SELECTOR = YES;
				GCC_WARN_UNINITIALIZED_AUTOS = YES_AGGRESSIVE;
				GCC_WARN_UNUSED_FUNCTION = YES;
				GCC_WARN_UNUSED_VARIABLE = YES;
				IPHONEOS_DEPLOYMENT_TARGET = 14.3;
				MTL_ENABLE_DEBUG_INFO = NO;
				MTL_FAST_MATH = YES;
				SDKROOT = iphoneos;
				SWIFT_COMPILATION_MODE = wholemodule;
				SWIFT_OPTIMIZATION_LEVEL = "-O";
				VALIDATE_PRODUCT = YES;
			};
			name = Release;
		};
		8668DFAE258DFA5C00A5A399 /* Debug */ = {
			isa = XCBuildConfiguration;
			buildSettings = {
				ASSETCATALOG_COMPILER_APPICON_NAME = AppIcon;
				ASSETCATALOG_COMPILER_GLOBAL_ACCENT_COLOR_NAME = AccentColor;
				CODE_SIGN_STYLE = Automatic;
				DEVELOPMENT_TEAM = 9AGMRUUR65;
				INFOPLIST_FILE = VkMessenger/Info.plist;
				LD_RUNPATH_SEARCH_PATHS = (
					"$(inherited)",
					"@executable_path/Frameworks",
				);
				PRODUCT_BUNDLE_IDENTIFIER = astra.vk;
				PRODUCT_NAME = "$(TARGET_NAME)";
				SWIFT_VERSION = 5.0;
				TARGETED_DEVICE_FAMILY = "1,2";
			};
			name = Debug;
		};
		8668DFAF258DFA5C00A5A399 /* Release */ = {
			isa = XCBuildConfiguration;
			buildSettings = {
				ASSETCATALOG_COMPILER_APPICON_NAME = AppIcon;
				ASSETCATALOG_COMPILER_GLOBAL_ACCENT_COLOR_NAME = AccentColor;
				CODE_SIGN_STYLE = Automatic;
				DEVELOPMENT_TEAM = 9AGMRUUR65;
				INFOPLIST_FILE = VkMessenger/Info.plist;
				LD_RUNPATH_SEARCH_PATHS = (
					"$(inherited)",
					"@executable_path/Frameworks",
				);
				PRODUCT_BUNDLE_IDENTIFIER = astra.vk;
				PRODUCT_NAME = "$(TARGET_NAME)";
				SWIFT_VERSION = 5.0;
				TARGETED_DEVICE_FAMILY = "1,2";
			};
			name = Release;
		};
/* End XCBuildConfiguration section */

/* Begin XCConfigurationList section */
		8668DF94258DFA5A00A5A399 /* Build configuration list for PBXProject "VkMessenger" */ = {
			isa = XCConfigurationList;
			buildConfigurations = (
				8668DFAB258DFA5C00A5A399 /* Debug */,
				8668DFAC258DFA5C00A5A399 /* Release */,
			);
			defaultConfigurationIsVisible = 0;
			defaultConfigurationName = Release;
		};
		8668DFAD258DFA5C00A5A399 /* Build configuration list for PBXNativeTarget "VkMessenger" */ = {
			isa = XCConfigurationList;
			buildConfigurations = (
				8668DFAE258DFA5C00A5A399 /* Debug */,
				8668DFAF258DFA5C00A5A399 /* Release */,
			);
			defaultConfigurationIsVisible = 0;
			defaultConfigurationName = Release;
		};
/* End XCConfigurationList section */
	};
	rootObject = 8668DF91258DFA5A00A5A399 /* Project object */;
}
