// !$*UTF8*$!
{
	archiveVersion = 1;
	classes = {
	};
	objectVersion = 50;
	objects = {

/* Begin PBXBuildFile section */
		77E1B3E226CD21A900E03B79 /* AppDelegate.swift in Sources */ = {isa = PBXBuildFile; fileRef = 77E1B3E126CD21A900E03B79 /* AppDelegate.swift */; };
		77E1B3E426CD21A900E03B79 /* SceneDelegate.swift in Sources */ = {isa = PBXBuildFile; fileRef = 77E1B3E326CD21A900E03B79 /* SceneDelegate.swift */; };
		77E1B3E626CD21A900E03B79 /* ViewController.swift in Sources */ = {isa = PBXBuildFile; fileRef = 77E1B3E526CD21A900E03B79 /* ViewController.swift */; };
		77E1B3E926CD21A900E03B79 /* Main.storyboard in Resources */ = {isa = PBXBuildFile; fileRef = 77E1B3E726CD21A900E03B79 /* Main.storyboard */; };
		77E1B3EB26CD21AB00E03B79 /* Assets.xcassets in Resources */ = {isa = PBXBuildFile; fileRef = 77E1B3EA26CD21AB00E03B79 /* Assets.xcassets */; };
		77E1B3EE26CD21AB00E03B79 /* LaunchScreen.storyboard in Resources */ = {isa = PBXBuildFile; fileRef = 77E1B3EC26CD21AB00E03B79 /* LaunchScreen.storyboard */; };
/* End PBXBuildFile section */

/* Begin PBXFileReference section */
		77E1B3DE26CD21A900E03B79 /* ClearCode.app */ = {isa = PBXFileReference; explicitFileType = wrapper.application; includeInIndex = 0; path = ClearCode.app; sourceTree = BUILT_PRODUCTS_DIR; };
		77E1B3E126CD21A900E03B79 /* AppDelegate.swift */ = {isa = PBXFileReference; lastKnownFileType = sourcecode.swift; path = AppDelegate.swift; sourceTree = "<group>"; };
		77E1B3E326CD21A900E03B79 /* SceneDelegate.swift */ = {isa = PBXFileReference; lastKnownFileType = sourcecode.swift; path = SceneDelegate.swift; sourceTree = "<group>"; };
		77E1B3E526CD21A900E03B79 /* ViewController.swift */ = {isa = PBXFileReference; lastKnownFileType = sourcecode.swift; path = ViewController.swift; sourceTree = "<group>"; };
		77E1B3E826CD21A900E03B79 /* Base */ = {isa = PBXFileReference; lastKnownFileType = file.storyboard; name = Base; path = Base.lproj/Main.storyboard; sourceTree = "<group>"; };
		77E1B3EA26CD21AB00E03B79 /* Assets.xcassets */ = {isa = PBXFileReference; lastKnownFileType = folder.assetcatalog; path = Assets.xcassets; sourceTree = "<group>"; };
		77E1B3ED26CD21AB00E03B79 /* Base */ = {isa = PBXFileReference; lastKnownFileType = file.storyboard; name = Base; path = Base.lproj/LaunchScreen.storyboard; sourceTree = "<group>"; };
		77E1B3EF26CD21AB00E03B79 /* Info.plist */ = {isa = PBXFileReference; lastKnownFileType = text.plist.xml; path = Info.plist; sourceTree = "<group>"; };
/* End PBXFileReference section */

/* Begin PBXFrameworksBuildPhase section */
		77E1B3DB26CD21A900E03B79 /* Frameworks */ = {
			isa = PBXFrameworksBuildPhase;
			buildActionMask = 2147483647;
			files = (
			);
			runOnlyForDeploymentPostprocessing = 0;
		};
/* End PBXFrameworksBuildPhase section */

/* Begin PBXGroup section */
		77E1B3D526CD21A900E03B79 = {
			isa = PBXGroup;
			children = (
				77E1B3E026CD21A900E03B79 /* ClearCode */,
				77E1B3DF26CD21A900E03B79 /* Products */,
			);
			sourceTree = "<group>";
		};
		77E1B3DF26CD21A900E03B79 /* Products */ = {
			isa = PBXGroup;
			children = (
				77E1B3DE26CD21A900E03B79 /* ClearCode.app */,
			);
			name = Products;
			sourceTree = "<group>";
		};
		77E1B3E026CD21A900E03B79 /* ClearCode */ = {
			isa = PBXGroup;
			children = (
				77E1B3E126CD21A900E03B79 /* AppDelegate.swift */,
				77E1B3E326CD21A900E03B79 /* SceneDelegate.swift */,
				77E1B3E526CD21A900E03B79 /* ViewController.swift */,
				77E1B3E726CD21A900E03B79 /* Main.storyboard */,
				77E1B3EA26CD21AB00E03B79 /* Assets.xcassets */,
				77E1B3EC26CD21AB00E03B79 /* LaunchScreen.storyboard */,
				77E1B3EF26CD21AB00E03B79 /* Info.plist */,
			);
			path = ClearCode;
			sourceTree = "<group>";
		};
/* End PBXGroup section */

/* Begin PBXNativeTarget section */
		77E1B3DD26CD21A900E03B79 /* ClearCode */ = {
			isa = PBXNativeTarget;
			buildConfigurationList = 77E1B3F226CD21AB00E03B79 /* Build configuration list for PBXNativeTarget "ClearCode" */;
			buildPhases = (
				77E1B3DA26CD21A900E03B79 /* Sources */,
				77E1B3DB26CD21A900E03B79 /* Frameworks */,
				77E1B3DC26CD21A900E03B79 /* Resources */,
			);
			buildRules = (
			);
			dependencies = (
			);
			name = ClearCode;
			productName = ClearCode;
			productReference = 77E1B3DE26CD21A900E03B79 /* ClearCode.app */;
			productType = "com.apple.product-type.application";
		};
/* End PBXNativeTarget section */

/* Begin PBXProject section */
		77E1B3D626CD21A900E03B79 /* Project object */ = {
			isa = PBXProject;
			attributes = {
				LastSwiftUpdateCheck = 1250;
				LastUpgradeCheck = 1250;
				TargetAttributes = {
					77E1B3DD26CD21A900E03B79 = {
						CreatedOnToolsVersion = 12.5.1;
					};
				};
			};
			buildConfigurationList = 77E1B3D926CD21A900E03B79 /* Build configuration list for PBXProject "ClearCode" */;
			compatibilityVersion = "Xcode 9.3";
			developmentRegion = en;
			hasScannedForEncodings = 0;
			knownRegions = (
				en,
				Base,
			);
			mainGroup = 77E1B3D526CD21A900E03B79;
			productRefGroup = 77E1B3DF26CD21A900E03B79 /* Products */;
			projectDirPath = "";
			projectRoot = "";
			targets = (
				77E1B3DD26CD21A900E03B79 /* ClearCode */,
			);
		};
/* End PBXProject section */

/* Begin PBXResourcesBuildPhase section */
		77E1B3DC26CD21A900E03B79 /* Resources */ = {
			isa = PBXResourcesBuildPhase;
			buildActionMask = 2147483647;
			files = (
				77E1B3EE26CD21AB00E03B79 /* LaunchScreen.storyboard in Resources */,
				77E1B3EB26CD21AB00E03B79 /* Assets.xcassets in Resources */,
				77E1B3E926CD21A900E03B79 /* Main.storyboard in Resources */,
			);
			runOnlyForDeploymentPostprocessing = 0;
		};
/* End PBXResourcesBuildPhase section */

/* Begin PBXSourcesBuildPhase section */
		77E1B3DA26CD21A900E03B79 /* Sources */ = {
			isa = PBXSourcesBuildPhase;
			buildActionMask = 2147483647;
			files = (
				77E1B3E626CD21A900E03B79 /* ViewController.swift in Sources */,
				77E1B3E226CD21A900E03B79 /* AppDelegate.swift in Sources */,
				77E1B3E426CD21A900E03B79 /* SceneDelegate.swift in Sources */,
			);
			runOnlyForDeploymentPostprocessing = 0;
		};
/* End PBXSourcesBuildPhase section */

/* Begin PBXVariantGroup section */
		77E1B3E726CD21A900E03B79 /* Main.storyboard */ = {
			isa = PBXVariantGroup;
			children = (
				77E1B3E826CD21A900E03B79 /* Base */,
			);
			name = Main.storyboard;
			sourceTree = "<group>";
		};
		77E1B3EC26CD21AB00E03B79 /* LaunchScreen.storyboard */ = {
			isa = PBXVariantGroup;
			children = (
				77E1B3ED26CD21AB00E03B79 /* Base */,
			);
			name = LaunchScreen.storyboard;
			sourceTree = "<group>";
		};
/* End PBXVariantGroup section */

/* Begin XCBuildConfiguration section */
		77E1B3F026CD21AB00E03B79 /* Debug */ = {
			isa = XCBuildConfiguration;
			buildSettings = {
				ALWAYS_SEARCH_USER_PATHS = NO;
				CLANG_ANALYZER_NONNULL = YES;
				CLANG_ANALYZER_NUMBER_OBJECT_CONVERSION = YES_AGGRESSIVE;
				CLANG_CXX_LANGUAGE_STANDARD = "gnu++14";
				CLANG_CXX_LIBRARY = "libc++";
				CLANG_ENABLE_MODULES = YES;
				CLANG_ENABLE_OBJC_ARC = YES;
				CLANG_ENABLE_OBJC_WEAK = YES;
				CLANG_WARN_BLOCK_CAPTURE_AUTORELEASING = YES;
				CLANG_WARN_BOOL_CONVERSION = YES;
				CLANG_WARN_COMMA = YES;
				CLANG_WARN_CONSTANT_CONVERSION = YES;
				CLANG_WARN_DEPRECATED_OBJC_IMPLEMENTATIONS = YES;
				CLANG_WARN_DIRECT_OBJC_ISA_USAGE = YES_ERROR;
				CLANG_WARN_DOCUMENTATION_COMMENTS = YES;
				CLANG_WARN_EMPTY_BODY = YES;
				CLANG_WARN_ENUM_CONVERSION = YES;
				CLANG_WARN_INFINITE_RECURSION = YES;
				CLANG_WARN_INT_CONVERSION = YES;
				CLANG_WARN_NON_LITERAL_NULL_CONVERSION = YES;
				CLANG_WARN_OBJC_IMPLICIT_RETAIN_SELF = YES;
				CLANG_WARN_OBJC_LITERAL_CONVERSION = YES;
				CLANG_WARN_OBJC_ROOT_CLASS = YES_ERROR;
				CLANG_WARN_QUOTED_INCLUDE_IN_FRAMEWORK_HEADER = YES;
				CLANG_WARN_RANGE_LOOP_ANALYSIS = YES;
				CLANG_WARN_STRICT_PROTOTYPES = YES;
				CLANG_WARN_SUSPICIOUS_MOVE = YES;
				CLANG_WARN_UNGUARDED_AVAILABILITY = YES_AGGRESSIVE;
				CLANG_WARN_UNREACHABLE_CODE = YES;
				CLANG_WARN__DUPLICATE_METHOD_MATCH = YES;
				COPY_PHASE_STRIP = NO;
				DEBUG_INFORMATION_FORMAT = dwarf;
				ENABLE_STRICT_OBJC_MSGSEND = YES;
				ENABLE_TESTABILITY = YES;
				GCC_C_LANGUAGE_STANDARD = gnu11;
				GCC_DYNAMIC_NO_PIC = NO;
				GCC_NO_COMMON_BLOCKS = YES;
				GCC_OPTIMIZATION_LEVEL = 0;
				GCC_PREPROCESSOR_DEFINITIONS = (
					"DEBUG=1",
					"$(inherited)",
				);
				GCC_WARN_64_TO_32_BIT_CONVERSION = YES;
				GCC_WARN_ABOUT_RETURN_TYPE = YES_ERROR;
				GCC_WARN_UNDECLARED_SELECTOR = YES;
				GCC_WARN_UNINITIALIZED_AUTOS = YES_AGGRESSIVE;
				GCC_WARN_UNUSED_FUNCTION = YES;
				GCC_WARN_UNUSED_VARIABLE = YES;
				IPHONEOS_DEPLOYMENT_TARGET = 14.5;
				MTL_ENABLE_DEBUG_INFO = INCLUDE_SOURCE;
				MTL_FAST_MATH = YES;
				ONLY_ACTIVE_ARCH = YES;
				SDKROOT = iphoneos;
				SWIFT_ACTIVE_COMPILATION_CONDITIONS = DEBUG;
				SWIFT_OPTIMIZATION_LEVEL = "-Onone";
			};
			name = Debug;
		};
		77E1B3F126CD21AB00E03B79 /* Release */ = {
			isa = XCBuildConfiguration;
			buildSettings = {
				ALWAYS_SEARCH_USER_PATHS = NO;
				CLANG_ANALYZER_NONNULL = YES;
				CLANG_ANALYZER_NUMBER_OBJECT_CONVERSION = YES_AGGRESSIVE;
				CLANG_CXX_LANGUAGE_STANDARD = "gnu++14";
				CLANG_CXX_LIBRARY = "libc++";
				CLANG_ENABLE_MODULES = YES;
				CLANG_ENABLE_OBJC_ARC = YES;
				CLANG_ENABLE_OBJC_WEAK = YES;
				CLANG_WARN_BLOCK_CAPTURE_AUTORELEASING = YES;
				CLANG_WARN_BOOL_CONVERSION = YES;
				CLANG_WARN_COMMA = YES;
				CLANG_WARN_CONSTANT_CONVERSION = YES;
				CLANG_WARN_DEPRECATED_OBJC_IMPLEMENTATIONS = YES;
				CLANG_WARN_DIRECT_OBJC_ISA_USAGE = YES_ERROR;
				CLANG_WARN_DOCUMENTATION_COMMENTS = YES;
				CLANG_WARN_EMPTY_BODY = YES;
				CLANG_WARN_ENUM_CONVERSION = YES;
				CLANG_WARN_INFINITE_RECURSION = YES;
				CLANG_WARN_INT_CONVERSION = YES;
				CLANG_WARN_NON_LITERAL_NULL_CONVERSION = YES;
				CLANG_WARN_OBJC_IMPLICIT_RETAIN_SELF = YES;
				CLANG_WARN_OBJC_LITERAL_CONVERSION = YES;
				CLANG_WARN_OBJC_ROOT_CLASS = YES_ERROR;
				CLANG_WARN_QUOTED_INCLUDE_IN_FRAMEWORK_HEADER = YES;
				CLANG_WARN_RANGE_LOOP_ANALYSIS = YES;
				CLANG_WARN_STRICT_PROTOTYPES = YES;
				CLANG_WARN_SUSPICIOUS_MOVE = YES;
				CLANG_WARN_UNGUARDED_AVAILABILITY = YES_AGGRESSIVE;
				CLANG_WARN_UNREACHABLE_CODE = YES;
				CLANG_WARN__DUPLICATE_METHOD_MATCH = YES;
				COPY_PHASE_STRIP = NO;
				DEBUG_INFORMATION_FORMAT = "dwarf-with-dsym";
				ENABLE_NS_ASSERTIONS = NO;
				ENABLE_STRICT_OBJC_MSGSEND = YES;
				GCC_C_LANGUAGE_STANDARD = gnu11;
				GCC_NO_COMMON_BLOCKS = YES;
				GCC_WARN_64_TO_32_BIT_CONVERSION = YES;
				GCC_WARN_ABOUT_RETURN_TYPE = YES_ERROR;
				GCC_WARN_UNDECLARED_SELECTOR = YES;
				GCC_WARN_UNINITIALIZED_AUTOS = YES_AGGRESSIVE;
				GCC_WARN_UNUSED_FUNCTION = YES;
				GCC_WARN_UNUSED_VARIABLE = YES;
				IPHONEOS_DEPLOYMENT_TARGET = 14.5;
				MTL_ENABLE_DEBUG_INFO = NO;
				MTL_FAST_MATH = YES;
				SDKROOT = iphoneos;
				SWIFT_COMPILATION_MODE = wholemodule;
				SWIFT_OPTIMIZATION_LEVEL = "-O";
				VALIDATE_PRODUCT = YES;
			};
			name = Release;
		};
		77E1B3F326CD21AB00E03B79 /* Debug */ = {
			isa = XCBuildConfiguration;
			buildSettings = {
				ASSETCATALOG_COMPILER_APPICON_NAME = AppIcon;
				ASSETCATALOG_COMPILER_GLOBAL_ACCENT_COLOR_NAME = AccentColor;
				CODE_SIGN_STYLE = Automatic;
				DEVELOPMENT_TEAM = 9AGMRUUR65;
				INFOPLIST_FILE = ClearCode/Info.plist;
				LD_RUNPATH_SEARCH_PATHS = (
					"$(inherited)",
					"@executable_path/Frameworks",
				);
				PRODUCT_BUNDLE_IDENTIFIER = astra.com.ClearCode;
				PRODUCT_NAME = "$(TARGET_NAME)";
				SWIFT_VERSION = 5.0;
				TARGETED_DEVICE_FAMILY = "1,2";
			};
			name = Debug;
		};
		77E1B3F426CD21AB00E03B79 /* Release */ = {
			isa = XCBuildConfiguration;
			buildSettings = {
				ASSETCATALOG_COMPILER_APPICON_NAME = AppIcon;
				ASSETCATALOG_COMPILER_GLOBAL_ACCENT_COLOR_NAME = AccentColor;
				CODE_SIGN_STYLE = Automatic;
				DEVELOPMENT_TEAM = 9AGMRUUR65;
				INFOPLIST_FILE = ClearCode/Info.plist;
				LD_RUNPATH_SEARCH_PATHS = (
					"$(inherited)",
					"@executable_path/Frameworks",
				);
				PRODUCT_BUNDLE_IDENTIFIER = astra.com.ClearCode;
				PRODUCT_NAME = "$(TARGET_NAME)";
				SWIFT_VERSION = 5.0;
				TARGETED_DEVICE_FAMILY = "1,2";
			};
			name = Release;
		};
/* End XCBuildConfiguration section */

/* Begin XCConfigurationList section */
		77E1B3D926CD21A900E03B79 /* Build configuration list for PBXProject "ClearCode" */ = {
			isa = XCConfigurationList;
			buildConfigurations = (
				77E1B3F026CD21AB00E03B79 /* Debug */,
				77E1B3F126CD21AB00E03B79 /* Release */,
			);
			defaultConfigurationIsVisible = 0;
			defaultConfigurationName = Release;
		};
		77E1B3F226CD21AB00E03B79 /* Build configuration list for PBXNativeTarget "ClearCode" */ = {
			isa = XCConfigurationList;
			buildConfigurations = (
				77E1B3F326CD21AB00E03B79 /* Debug */,
				77E1B3F426CD21AB00E03B79 /* Release */,
			);
			defaultConfigurationIsVisible = 0;
			defaultConfigurationName = Release;
		};
/* End XCConfigurationList section */
	};
	rootObject = 77E1B3D626CD21A900E03B79 /* Project object */;
}
